// !$*UTF8*$!
{
   archiveVersion = "1";
   objectVersion = "46";
   objects = {
      "Commandant::Commandant" = {
         isa = "PBXNativeTarget";
         buildConfigurationList = "OBJ_81";
         buildPhases = (
            "OBJ_84",
            "OBJ_94",
         );
         dependencies = (
            "OBJ_96",
         );
         name = "Commandant";
         productName = "Commandant";
         productReference = "Commandant::Commandant::Product";
         productType = "com.apple.product-type.framework";
      };
      "Commandant::Commandant::Product" = {
         isa = "PBXFileReference";
         path = "Commandant.framework";
         sourceTree = "BUILT_PRODUCTS_DIR";
      };
      "Commandant::SwiftPMPackageDescription" = {
         isa = "PBXNativeTarget";
         buildConfigurationList = "OBJ_99";
         buildPhases = (
            "OBJ_102",
         );
         dependencies = (
         );
         name = "CommandantPackageDescription";
         productName = "CommandantPackageDescription";
         productType = "com.apple.product-type.framework";
      };
      "Curry::Curry" = {
         isa = "PBXNativeTarget";
         buildConfigurationList = "OBJ_105";
         buildPhases = (
            "OBJ_108",
            "OBJ_110",
         );
         dependencies = (
         );
         name = "Curry";
         productName = "Curry";
         productReference = "Curry::Curry::Product";
         productType = "com.apple.product-type.framework";
      };
      "Curry::Curry::Product" = {
         isa = "PBXFileReference";
         path = "Curry.framework";
         sourceTree = "BUILT_PRODUCTS_DIR";
      };
      "Curry::SwiftPMPackageDescription" = {
         isa = "PBXNativeTarget";
         buildConfigurationList = "OBJ_112";
         buildPhases = (
            "OBJ_115",
         );
         dependencies = (
         );
         name = "CurryPackageDescription";
         productName = "CurryPackageDescription";
         productType = "com.apple.product-type.framework";
      };
      "Donut::Donut" = {
         isa = "PBXNativeTarget";
         buildConfigurationList = "OBJ_118";
         buildPhases = (
            "OBJ_121",
            "OBJ_126",
         );
         dependencies = (
            "OBJ_133",
            "OBJ_134",
            "OBJ_135",
            "OBJ_137",
            "OBJ_139",
            "OBJ_141",
         );
         name = "Donut";
         productName = "Donut";
         productReference = "Donut::Donut::Product";
         productType = "com.apple.product-type.tool";
      };
      "Donut::Donut::Product" = {
         isa = "PBXFileReference";
         path = "Donut";
         sourceTree = "BUILT_PRODUCTS_DIR";
      };
      "Donut::DonutKit" = {
         isa = "PBXNativeTarget";
         buildConfigurationList = "OBJ_142";
         buildPhases = (
            "OBJ_145",
            "OBJ_151",
         );
         dependencies = (
            "OBJ_155",
            "OBJ_156",
            "OBJ_157",
         );
         name = "DonutKit";
         productName = "DonutKit";
         productReference = "Donut::DonutKit::Product";
         productType = "com.apple.product-type.framework";
      };
      "Donut::DonutKit::Product" = {
         isa = "PBXFileReference";
         path = "DonutKit.framework";
         sourceTree = "BUILT_PRODUCTS_DIR";
      };
      "Donut::DonutPackageTests::ProductTarget" = {
         isa = "PBXAggregateTarget";
         buildConfigurationList = "OBJ_165";
         buildPhases = (
         );
         dependencies = (
            "OBJ_168",
         );
         name = "DonutPackageTests";
         productName = "DonutPackageTests";
      };
      "Donut::DonutTests" = {
         isa = "PBXNativeTarget";
         buildConfigurationList = "OBJ_170";
         buildPhases = (
            "OBJ_173",
            "OBJ_175",
         );
         dependencies = (
            "OBJ_182",
            "OBJ_183",
            "OBJ_184",
            "OBJ_185",
            "OBJ_186",
            "OBJ_187",
            "OBJ_188",
         );
         name = "DonutTests";
         productName = "DonutTests";
         productReference = "Donut::DonutTests::Product";
         productType = "com.apple.product-type.bundle.unit-test";
      };
      "Donut::DonutTests::Product" = {
         isa = "PBXFileReference";
         path = "DonutTests.xctest";
         sourceTree = "BUILT_PRODUCTS_DIR";
      };
      "Donut::SwiftPMPackageDescription" = {
         isa = "PBXNativeTarget";
         buildConfigurationList = "OBJ_159";
         buildPhases = (
            "OBJ_162",
         );
         dependencies = (
         );
         name = "DonutPackageDescription";
         productName = "DonutPackageDescription";
         productType = "com.apple.product-type.framework";
      };
      "Donut::donut::ProductTarget" = {
         isa = "PBXAggregateTarget";
         buildConfigurationList = "OBJ_255";
         buildPhases = (
         );
         dependencies = (
            "OBJ_258",
         );
         name = "donut";
         productName = "donut";
      };
      "OBJ_1" = {
         isa = "PBXProject";
         attributes = {
            LastUpgradeCheck = "9999";
         };
         buildConfigurationList = "OBJ_2";
         compatibilityVersion = "Xcode 3.2";
         developmentRegion = "English";
         hasScannedForEncodings = "0";
         knownRegions = (
            "en",
         );
         mainGroup = "OBJ_5";
         productRefGroup = "OBJ_71";
         projectDirPath = ".";
         targets = (
            "Commandant::Commandant",
            "Commandant::SwiftPMPackageDescription",
            "Curry::Curry",
            "Curry::SwiftPMPackageDescription",
            "Donut::Donut",
            "Donut::DonutKit",
            "Donut::SwiftPMPackageDescription",
            "Donut::DonutPackageTests::ProductTarget",
            "Donut::DonutTests",
            "ReactiveSwift::ReactiveSwift",
            "ReactiveSwift::SwiftPMPackageDescription",
            "ReactiveTask::ReactiveTask",
            "ReactiveTask::SwiftPMPackageDescription",
            "Result::Result",
            "Result::SwiftPMPackageDescription",
            "Donut::donut::ProductTarget",
         );
      };
      "OBJ_10" = {
         isa = "PBXFileReference";
         path = "Git.swift";
         sourceTree = "<group>";
      };
      "OBJ_100" = {
         isa = "XCBuildConfiguration";
         buildSettings = {
            LD = "/usr/bin/true";
            OTHER_SWIFT_FLAGS = (
               "-swift-version",
               "4",
               "-I",
               "$(TOOLCHAIN_DIR)/usr/lib/swift/pm/4",
               "-target",
               "x86_64-apple-macosx10.10",
               "-sdk",
               "/Applications/Xcode.app/Contents/Developer/Platforms/MacOSX.platform/Developer/SDKs/MacOSX10.13.sdk",
            );
            SWIFT_VERSION = "4.0";
         };
         name = "Debug";
      };
      "OBJ_101" = {
         isa = "XCBuildConfiguration";
         buildSettings = {
            LD = "/usr/bin/true";
            OTHER_SWIFT_FLAGS = (
               "-swift-version",
               "4",
               "-I",
               "$(TOOLCHAIN_DIR)/usr/lib/swift/pm/4",
               "-target",
               "x86_64-apple-macosx10.10",
               "-sdk",
               "/Applications/Xcode.app/Contents/Developer/Platforms/MacOSX.platform/Developer/SDKs/MacOSX10.13.sdk",
            );
            SWIFT_VERSION = "4.0";
         };
         name = "Release";
      };
      "OBJ_102" = {
         isa = "PBXSourcesBuildPhase";
         files = (
            "OBJ_103",
         );
      };
      "OBJ_103" = {
         isa = "PBXBuildFile";
         fileRef = "OBJ_37";
      };
      "OBJ_105" = {
         isa = "XCConfigurationList";
         buildConfigurations = (
            "OBJ_106",
            "OBJ_107",
         );
         defaultConfigurationIsVisible = "0";
         defaultConfigurationName = "Release";
      };
      "OBJ_106" = {
         isa = "XCBuildConfiguration";
         buildSettings = {
            ENABLE_TESTABILITY = "YES";
            FRAMEWORK_SEARCH_PATHS = (
               "$(inherited)",
               "$(PLATFORM_DIR)/Developer/Library/Frameworks",
            );
            HEADER_SEARCH_PATHS = (
               "$(inherited)",
            );
            INFOPLIST_FILE = "Donut.xcodeproj/Curry_Info.plist";
            LD_RUNPATH_SEARCH_PATHS = (
               "$(inherited)",
               "$(TOOLCHAIN_DIR)/usr/lib/swift/macosx",
            );
            OTHER_CFLAGS = (
               "$(inherited)",
            );
            OTHER_LDFLAGS = (
               "$(inherited)",
            );
            OTHER_SWIFT_FLAGS = (
               "$(inherited)",
            );
            PRODUCT_BUNDLE_IDENTIFIER = "Curry";
            PRODUCT_MODULE_NAME = "$(TARGET_NAME:c99extidentifier)";
            PRODUCT_NAME = "$(TARGET_NAME:c99extidentifier)";
            SKIP_INSTALL = "YES";
            SWIFT_VERSION = "3.0";
            TARGET_NAME = "Curry";
         };
         name = "Debug";
      };
      "OBJ_107" = {
         isa = "XCBuildConfiguration";
         buildSettings = {
            ENABLE_TESTABILITY = "YES";
            FRAMEWORK_SEARCH_PATHS = (
               "$(inherited)",
               "$(PLATFORM_DIR)/Developer/Library/Frameworks",
            );
            HEADER_SEARCH_PATHS = (
               "$(inherited)",
            );
            INFOPLIST_FILE = "Donut.xcodeproj/Curry_Info.plist";
            LD_RUNPATH_SEARCH_PATHS = (
               "$(inherited)",
               "$(TOOLCHAIN_DIR)/usr/lib/swift/macosx",
            );
            OTHER_CFLAGS = (
               "$(inherited)",
            );
            OTHER_LDFLAGS = (
               "$(inherited)",
            );
            OTHER_SWIFT_FLAGS = (
               "$(inherited)",
            );
            PRODUCT_BUNDLE_IDENTIFIER = "Curry";
            PRODUCT_MODULE_NAME = "$(TARGET_NAME:c99extidentifier)";
            PRODUCT_NAME = "$(TARGET_NAME:c99extidentifier)";
            SKIP_INSTALL = "YES";
            SWIFT_VERSION = "3.0";
            TARGET_NAME = "Curry";
         };
         name = "Release";
      };
      "OBJ_108" = {
         isa = "PBXSourcesBuildPhase";
         files = (
            "OBJ_109",
         );
      };
      "OBJ_109" = {
         isa = "PBXBuildFile";
         fileRef = "OBJ_25";
      };
      "OBJ_11" = {
         isa = "PBXFileReference";
         path = "SemanticVersion.swift";
         sourceTree = "<group>";
      };
      "OBJ_110" = {
         isa = "PBXFrameworksBuildPhase";
         files = (
         );
      };
      "OBJ_112" = {
         isa = "XCConfigurationList";
         buildConfigurations = (
            "OBJ_113",
            "OBJ_114",
         );
         defaultConfigurationIsVisible = "0";
         defaultConfigurationName = "Release";
      };
      "OBJ_113" = {
         isa = "XCBuildConfiguration";
         buildSettings = {
            LD = "/usr/bin/true";
            OTHER_SWIFT_FLAGS = (
               "-swift-version",
               "3",
               "-I",
               "$(TOOLCHAIN_DIR)/usr/lib/swift/pm/3",
               "-target",
               "x86_64-apple-macosx10.10",
               "-sdk",
               "/Applications/Xcode.app/Contents/Developer/Platforms/MacOSX.platform/Developer/SDKs/MacOSX10.13.sdk",
            );
            SWIFT_VERSION = "3.0";
         };
         name = "Debug";
      };
      "OBJ_114" = {
         isa = "XCBuildConfiguration";
         buildSettings = {
            LD = "/usr/bin/true";
            OTHER_SWIFT_FLAGS = (
               "-swift-version",
               "3",
               "-I",
               "$(TOOLCHAIN_DIR)/usr/lib/swift/pm/3",
               "-target",
               "x86_64-apple-macosx10.10",
               "-sdk",
               "/Applications/Xcode.app/Contents/Developer/Platforms/MacOSX.platform/Developer/SDKs/MacOSX10.13.sdk",
            );
            SWIFT_VERSION = "3.0";
         };
         name = "Release";
      };
      "OBJ_115" = {
         isa = "PBXSourcesBuildPhase";
         files = (
            "OBJ_116",
         );
      };
      "OBJ_116" = {
         isa = "PBXBuildFile";
         fileRef = "OBJ_24";
      };
      "OBJ_118" = {
         isa = "XCConfigurationList";
         buildConfigurations = (
            "OBJ_119",
            "OBJ_120",
         );
         defaultConfigurationIsVisible = "0";
         defaultConfigurationName = "Release";
      };
      "OBJ_119" = {
         isa = "XCBuildConfiguration";
         buildSettings = {
            FRAMEWORK_SEARCH_PATHS = (
               "$(inherited)",
               "$(PLATFORM_DIR)/Developer/Library/Frameworks",
            );
            HEADER_SEARCH_PATHS = (
               "$(inherited)",
            );
            INFOPLIST_FILE = "Donut.xcodeproj/Donut_Info.plist";
            LD_RUNPATH_SEARCH_PATHS = (
               "$(inherited)",
               "$(TOOLCHAIN_DIR)/usr/lib/swift/macosx",
               "@executable_path",
            );
            OTHER_CFLAGS = (
               "$(inherited)",
            );
            OTHER_LDFLAGS = (
               "$(inherited)",
            );
            OTHER_SWIFT_FLAGS = (
               "$(inherited)",
            );
            SWIFT_FORCE_DYNAMIC_LINK_STDLIB = "YES";
            SWIFT_FORCE_STATIC_LINK_STDLIB = "NO";
            SWIFT_VERSION = "4.0";
            TARGET_NAME = "Donut";
         };
         name = "Debug";
      };
      "OBJ_12" = {
         isa = "PBXFileReference";
         path = "Template.swift";
         sourceTree = "<group>";
      };
      "OBJ_120" = {
         isa = "XCBuildConfiguration";
         buildSettings = {
            FRAMEWORK_SEARCH_PATHS = (
               "$(inherited)",
               "$(PLATFORM_DIR)/Developer/Library/Frameworks",
            );
            HEADER_SEARCH_PATHS = (
               "$(inherited)",
            );
            INFOPLIST_FILE = "Donut.xcodeproj/Donut_Info.plist";
            LD_RUNPATH_SEARCH_PATHS = (
               "$(inherited)",
               "$(TOOLCHAIN_DIR)/usr/lib/swift/macosx",
               "@executable_path",
            );
            OTHER_CFLAGS = (
               "$(inherited)",
            );
            OTHER_LDFLAGS = (
               "$(inherited)",
            );
            OTHER_SWIFT_FLAGS = (
               "$(inherited)",
            );
            SWIFT_FORCE_DYNAMIC_LINK_STDLIB = "YES";
            SWIFT_FORCE_STATIC_LINK_STDLIB = "NO";
            SWIFT_VERSION = "4.0";
            TARGET_NAME = "Donut";
         };
         name = "Release";
      };
      "OBJ_121" = {
         isa = "PBXSourcesBuildPhase";
         files = (
            "OBJ_122",
            "OBJ_123",
            "OBJ_124",
            "OBJ_125",
         );
      };
      "OBJ_122" = {
         isa = "PBXBuildFile";
         fileRef = "OBJ_16";
      };
      "OBJ_123" = {
         isa = "PBXBuildFile";
         fileRef = "OBJ_17";
      };
      "OBJ_124" = {
         isa = "PBXBuildFile";
         fileRef = "OBJ_18";
      };
      "OBJ_125" = {
         isa = "PBXBuildFile";
         fileRef = "OBJ_19";
      };
      "OBJ_126" = {
         isa = "PBXFrameworksBuildPhase";
         files = (
            "OBJ_127",
            "OBJ_128",
            "OBJ_129",
            "OBJ_130",
            "OBJ_131",
            "OBJ_132",
         );
      };
      "OBJ_127" = {
         isa = "PBXBuildFile";
         fileRef = "Curry::Curry::Product";
      };
      "OBJ_128" = {
         isa = "PBXBuildFile";
         fileRef = "Commandant::Commandant::Product";
      };
      "OBJ_129" = {
         isa = "PBXBuildFile";
         fileRef = "Donut::DonutKit::Product";
      };
      "OBJ_13" = {
         isa = "PBXFileReference";
         path = "TemplateDirectory.swift";
         sourceTree = "<group>";
      };
      "OBJ_130" = {
         isa = "PBXBuildFile";
         fileRef = "ReactiveTask::ReactiveTask::Product";
      };
      "OBJ_131" = {
         isa = "PBXBuildFile";
         fileRef = "ReactiveSwift::ReactiveSwift::Product";
      };
      "OBJ_132" = {
         isa = "PBXBuildFile";
         fileRef = "Result::Result::Product";
      };
      "OBJ_133" = {
         isa = "PBXTargetDependency";
         target = "Curry::Curry";
      };
      "OBJ_134" = {
         isa = "PBXTargetDependency";
         target = "Commandant::Commandant";
      };
      "OBJ_135" = {
         isa = "PBXTargetDependency";
         target = "Donut::DonutKit";
      };
      "OBJ_137" = {
         isa = "PBXTargetDependency";
         target = "ReactiveTask::ReactiveTask";
      };
      "OBJ_139" = {
         isa = "PBXTargetDependency";
         target = "ReactiveSwift::ReactiveSwift";
      };
      "OBJ_14" = {
         isa = "PBXGroup";
         children = (
            "OBJ_15",
            "OBJ_19",
         );
         name = "Donut";
         path = "Sources/Donut";
         sourceTree = "SOURCE_ROOT";
      };
      "OBJ_141" = {
         isa = "PBXTargetDependency";
         target = "Result::Result";
      };
      "OBJ_142" = {
         isa = "XCConfigurationList";
         buildConfigurations = (
            "OBJ_143",
            "OBJ_144",
         );
         defaultConfigurationIsVisible = "0";
         defaultConfigurationName = "Release";
      };
      "OBJ_143" = {
         isa = "XCBuildConfiguration";
         buildSettings = {
            ENABLE_TESTABILITY = "YES";
            FRAMEWORK_SEARCH_PATHS = (
               "$(inherited)",
               "$(PLATFORM_DIR)/Developer/Library/Frameworks",
            );
            HEADER_SEARCH_PATHS = (
               "$(inherited)",
            );
            INFOPLIST_FILE = "Donut.xcodeproj/DonutKit_Info.plist";
            LD_RUNPATH_SEARCH_PATHS = (
               "$(inherited)",
               "$(TOOLCHAIN_DIR)/usr/lib/swift/macosx",
            );
            OTHER_CFLAGS = (
               "$(inherited)",
            );
            OTHER_LDFLAGS = (
               "$(inherited)",
            );
            OTHER_SWIFT_FLAGS = (
               "$(inherited)",
            );
            PRODUCT_BUNDLE_IDENTIFIER = "DonutKit";
            PRODUCT_MODULE_NAME = "$(TARGET_NAME:c99extidentifier)";
            PRODUCT_NAME = "$(TARGET_NAME:c99extidentifier)";
            SKIP_INSTALL = "YES";
            SWIFT_VERSION = "4.0";
            TARGET_NAME = "DonutKit";
         };
         name = "Debug";
      };
      "OBJ_144" = {
         isa = "XCBuildConfiguration";
         buildSettings = {
            ENABLE_TESTABILITY = "YES";
            FRAMEWORK_SEARCH_PATHS = (
               "$(inherited)",
               "$(PLATFORM_DIR)/Developer/Library/Frameworks",
            );
            HEADER_SEARCH_PATHS = (
               "$(inherited)",
            );
            INFOPLIST_FILE = "Donut.xcodeproj/DonutKit_Info.plist";
            LD_RUNPATH_SEARCH_PATHS = (
               "$(inherited)",
               "$(TOOLCHAIN_DIR)/usr/lib/swift/macosx",
            );
            OTHER_CFLAGS = (
               "$(inherited)",
            );
            OTHER_LDFLAGS = (
               "$(inherited)",
            );
            OTHER_SWIFT_FLAGS = (
               "$(inherited)",
            );
            PRODUCT_BUNDLE_IDENTIFIER = "DonutKit";
            PRODUCT_MODULE_NAME = "$(TARGET_NAME:c99extidentifier)";
            PRODUCT_NAME = "$(TARGET_NAME:c99extidentifier)";
            SKIP_INSTALL = "YES";
            SWIFT_VERSION = "4.0";
            TARGET_NAME = "DonutKit";
         };
         name = "Release";
      };
      "OBJ_145" = {
         isa = "PBXSourcesBuildPhase";
         files = (
            "OBJ_146",
            "OBJ_147",
            "OBJ_148",
            "OBJ_149",
            "OBJ_150",
         );
      };
      "OBJ_146" = {
         isa = "PBXBuildFile";
         fileRef = "OBJ_9";
      };
      "OBJ_147" = {
         isa = "PBXBuildFile";
         fileRef = "OBJ_10";
      };
      "OBJ_148" = {
         isa = "PBXBuildFile";
         fileRef = "OBJ_11";
      };
      "OBJ_149" = {
         isa = "PBXBuildFile";
         fileRef = "OBJ_12";
      };
      "OBJ_15" = {
         isa = "PBXGroup";
         children = (
            "OBJ_16",
            "OBJ_17",
            "OBJ_18",
         );
         name = "Commands";
         path = "Commands";
         sourceTree = "<group>";
      };
      "OBJ_150" = {
         isa = "PBXBuildFile";
         fileRef = "OBJ_13";
      };
      "OBJ_151" = {
         isa = "PBXFrameworksBuildPhase";
         files = (
            "OBJ_152",
            "OBJ_153",
            "OBJ_154",
         );
      };
      "OBJ_152" = {
         isa = "PBXBuildFile";
         fileRef = "ReactiveTask::ReactiveTask::Product";
      };
      "OBJ_153" = {
         isa = "PBXBuildFile";
         fileRef = "ReactiveSwift::ReactiveSwift::Product";
      };
      "OBJ_154" = {
         isa = "PBXBuildFile";
         fileRef = "Result::Result::Product";
      };
      "OBJ_155" = {
         isa = "PBXTargetDependency";
         target = "ReactiveTask::ReactiveTask";
      };
      "OBJ_156" = {
         isa = "PBXTargetDependency";
         target = "ReactiveSwift::ReactiveSwift";
      };
      "OBJ_157" = {
         isa = "PBXTargetDependency";
         target = "Result::Result";
      };
      "OBJ_159" = {
         isa = "XCConfigurationList";
         buildConfigurations = (
            "OBJ_160",
            "OBJ_161",
         );
         defaultConfigurationIsVisible = "0";
         defaultConfigurationName = "Release";
      };
      "OBJ_16" = {
         isa = "PBXFileReference";
         path = "InstallCommand.swift";
         sourceTree = "<group>";
      };
      "OBJ_160" = {
         isa = "XCBuildConfiguration";
         buildSettings = {
            LD = "/usr/bin/true";
            OTHER_SWIFT_FLAGS = (
               "-swift-version",
               "4",
               "-I",
               "$(TOOLCHAIN_DIR)/usr/lib/swift/pm/4",
               "-target",
               "x86_64-apple-macosx10.10",
               "-sdk",
               "/Applications/Xcode.app/Contents/Developer/Platforms/MacOSX.platform/Developer/SDKs/MacOSX10.13.sdk",
            );
            SWIFT_VERSION = "4.0";
         };
         name = "Debug";
      };
      "OBJ_161" = {
         isa = "XCBuildConfiguration";
         buildSettings = {
            LD = "/usr/bin/true";
            OTHER_SWIFT_FLAGS = (
               "-swift-version",
               "4",
               "-I",
               "$(TOOLCHAIN_DIR)/usr/lib/swift/pm/4",
               "-target",
               "x86_64-apple-macosx10.10",
               "-sdk",
               "/Applications/Xcode.app/Contents/Developer/Platforms/MacOSX.platform/Developer/SDKs/MacOSX10.13.sdk",
            );
            SWIFT_VERSION = "4.0";
         };
         name = "Release";
      };
      "OBJ_162" = {
         isa = "PBXSourcesBuildPhase";
         files = (
            "OBJ_163",
         );
      };
      "OBJ_163" = {
         isa = "PBXBuildFile";
         fileRef = "OBJ_6";
      };
      "OBJ_165" = {
         isa = "XCConfigurationList";
         buildConfigurations = (
            "OBJ_166",
            "OBJ_167",
         );
         defaultConfigurationIsVisible = "0";
         defaultConfigurationName = "Release";
      };
      "OBJ_166" = {
         isa = "XCBuildConfiguration";
         buildSettings = {
         };
         name = "Debug";
      };
      "OBJ_167" = {
         isa = "XCBuildConfiguration";
         buildSettings = {
         };
         name = "Release";
      };
      "OBJ_168" = {
         isa = "PBXTargetDependency";
         target = "Donut::DonutTests";
      };
      "OBJ_17" = {
         isa = "PBXFileReference";
         path = "ListCommand.swift";
         sourceTree = "<group>";
      };
      "OBJ_170" = {
         isa = "XCConfigurationList";
         buildConfigurations = (
            "OBJ_171",
            "OBJ_172",
         );
         defaultConfigurationIsVisible = "0";
         defaultConfigurationName = "Release";
      };
      "OBJ_171" = {
         isa = "XCBuildConfiguration";
         buildSettings = {
            EMBEDDED_CONTENT_CONTAINS_SWIFT = "YES";
            FRAMEWORK_SEARCH_PATHS = (
               "$(inherited)",
               "$(PLATFORM_DIR)/Developer/Library/Frameworks",
            );
            HEADER_SEARCH_PATHS = (
               "$(inherited)",
            );
            INFOPLIST_FILE = "Donut.xcodeproj/DonutTests_Info.plist";
            LD_RUNPATH_SEARCH_PATHS = (
               "$(inherited)",
               "@loader_path/../Frameworks",
               "@loader_path/Frameworks",
            );
            OTHER_CFLAGS = (
               "$(inherited)",
            );
            OTHER_LDFLAGS = (
               "$(inherited)",
            );
            OTHER_SWIFT_FLAGS = (
               "$(inherited)",
            );
            SWIFT_VERSION = "4.0";
            TARGET_NAME = "DonutTests";
         };
         name = "Debug";
      };
      "OBJ_172" = {
         isa = "XCBuildConfiguration";
         buildSettings = {
            EMBEDDED_CONTENT_CONTAINS_SWIFT = "YES";
            FRAMEWORK_SEARCH_PATHS = (
               "$(inherited)",
               "$(PLATFORM_DIR)/Developer/Library/Frameworks",
            );
            HEADER_SEARCH_PATHS = (
               "$(inherited)",
            );
            INFOPLIST_FILE = "Donut.xcodeproj/DonutTests_Info.plist";
            LD_RUNPATH_SEARCH_PATHS = (
               "$(inherited)",
               "@loader_path/../Frameworks",
               "@loader_path/Frameworks",
            );
            OTHER_CFLAGS = (
               "$(inherited)",
            );
            OTHER_LDFLAGS = (
               "$(inherited)",
            );
            OTHER_SWIFT_FLAGS = (
               "$(inherited)",
            );
            SWIFT_VERSION = "4.0";
            TARGET_NAME = "DonutTests";
         };
         name = "Release";
      };
      "OBJ_173" = {
         isa = "PBXSourcesBuildPhase";
         files = (
            "OBJ_174",
         );
      };
      "OBJ_174" = {
         isa = "PBXBuildFile";
         fileRef = "OBJ_21";
      };
      "OBJ_175" = {
         isa = "PBXFrameworksBuildPhase";
         files = (
            "OBJ_176",
            "OBJ_177",
            "OBJ_178",
            "OBJ_179",
            "OBJ_180",
            "OBJ_181",
         );
      };
      "OBJ_176" = {
         isa = "PBXBuildFile";
         fileRef = "Curry::Curry::Product";
      };
      "OBJ_177" = {
         isa = "PBXBuildFile";
         fileRef = "Commandant::Commandant::Product";
      };
      "OBJ_178" = {
         isa = "PBXBuildFile";
         fileRef = "Donut::DonutKit::Product";
      };
      "OBJ_179" = {
         isa = "PBXBuildFile";
         fileRef = "ReactiveTask::ReactiveTask::Product";
      };
      "OBJ_18" = {
         isa = "PBXFileReference";
         path = "VersionCommand.swift";
         sourceTree = "<group>";
      };
      "OBJ_180" = {
         isa = "PBXBuildFile";
         fileRef = "ReactiveSwift::ReactiveSwift::Product";
      };
      "OBJ_181" = {
         isa = "PBXBuildFile";
         fileRef = "Result::Result::Product";
      };
      "OBJ_182" = {
         isa = "PBXTargetDependency";
         target = "Donut::Donut";
      };
      "OBJ_183" = {
         isa = "PBXTargetDependency";
         target = "Curry::Curry";
      };
      "OBJ_184" = {
         isa = "PBXTargetDependency";
         target = "Commandant::Commandant";
      };
      "OBJ_185" = {
         isa = "PBXTargetDependency";
         target = "Donut::DonutKit";
      };
      "OBJ_186" = {
         isa = "PBXTargetDependency";
         target = "ReactiveTask::ReactiveTask";
      };
      "OBJ_187" = {
         isa = "PBXTargetDependency";
         target = "ReactiveSwift::ReactiveSwift";
      };
      "OBJ_188" = {
         isa = "PBXTargetDependency";
         target = "Result::Result";
      };
      "OBJ_189" = {
         isa = "XCConfigurationList";
         buildConfigurations = (
            "OBJ_190",
            "OBJ_191",
         );
         defaultConfigurationIsVisible = "0";
         defaultConfigurationName = "Release";
      };
      "OBJ_19" = {
         isa = "PBXFileReference";
         path = "main.swift";
         sourceTree = "<group>";
      };
      "OBJ_190" = {
         isa = "XCBuildConfiguration";
         buildSettings = {
            ENABLE_TESTABILITY = "YES";
            FRAMEWORK_SEARCH_PATHS = (
               "$(inherited)",
               "$(PLATFORM_DIR)/Developer/Library/Frameworks",
            );
            HEADER_SEARCH_PATHS = (
               "$(inherited)",
            );
            INFOPLIST_FILE = "Donut.xcodeproj/ReactiveSwift_Info.plist";
            LD_RUNPATH_SEARCH_PATHS = (
               "$(inherited)",
               "$(TOOLCHAIN_DIR)/usr/lib/swift/macosx",
            );
            OTHER_CFLAGS = (
               "$(inherited)",
            );
            OTHER_LDFLAGS = (
               "$(inherited)",
            );
            OTHER_SWIFT_FLAGS = (
               "$(inherited)",
            );
            PRODUCT_BUNDLE_IDENTIFIER = "ReactiveSwift";
            PRODUCT_MODULE_NAME = "$(TARGET_NAME:c99extidentifier)";
            PRODUCT_NAME = "$(TARGET_NAME:c99extidentifier)";
            SKIP_INSTALL = "YES";
            SWIFT_VERSION = "4.0";
            TARGET_NAME = "ReactiveSwift";
         };
         name = "Debug";
      };
      "OBJ_191" = {
         isa = "XCBuildConfiguration";
         buildSettings = {
            ENABLE_TESTABILITY = "YES";
            FRAMEWORK_SEARCH_PATHS = (
               "$(inherited)",
               "$(PLATFORM_DIR)/Developer/Library/Frameworks",
            );
            HEADER_SEARCH_PATHS = (
               "$(inherited)",
            );
            INFOPLIST_FILE = "Donut.xcodeproj/ReactiveSwift_Info.plist";
            LD_RUNPATH_SEARCH_PATHS = (
               "$(inherited)",
               "$(TOOLCHAIN_DIR)/usr/lib/swift/macosx",
            );
            OTHER_CFLAGS = (
               "$(inherited)",
            );
            OTHER_LDFLAGS = (
               "$(inherited)",
            );
            OTHER_SWIFT_FLAGS = (
               "$(inherited)",
            );
            PRODUCT_BUNDLE_IDENTIFIER = "ReactiveSwift";
            PRODUCT_MODULE_NAME = "$(TARGET_NAME:c99extidentifier)";
            PRODUCT_NAME = "$(TARGET_NAME:c99extidentifier)";
            SKIP_INSTALL = "YES";
            SWIFT_VERSION = "4.0";
            TARGET_NAME = "ReactiveSwift";
         };
         name = "Release";
      };
      "OBJ_192" = {
         isa = "PBXSourcesBuildPhase";
         files = (
            "OBJ_193",
            "OBJ_194",
            "OBJ_195",
            "OBJ_196",
            "OBJ_197",
            "OBJ_198",
            "OBJ_199",
            "OBJ_200",
            "OBJ_201",
            "OBJ_202",
            "OBJ_203",
            "OBJ_204",
            "OBJ_205",
            "OBJ_206",
            "OBJ_207",
            "OBJ_208",
            "OBJ_209",
            "OBJ_210",
            "OBJ_211",
            "OBJ_212",
            "OBJ_213",
         );
      };
      "OBJ_193" = {
         isa = "PBXBuildFile";
         fileRef = "OBJ_45";
      };
      "OBJ_194" = {
         isa = "PBXBuildFile";
         fileRef = "OBJ_46";
      };
      "OBJ_195" = {
         isa = "PBXBuildFile";
         fileRef = "OBJ_47";
      };
      "OBJ_196" = {
         isa = "PBXBuildFile";
         fileRef = "OBJ_48";
      };
      "OBJ_197" = {
         isa = "PBXBuildFile";
         fileRef = "OBJ_49";
      };
      "OBJ_198" = {
         isa = "PBXBuildFile";
         fileRef = "OBJ_50";
      };
      "OBJ_199" = {
         isa = "PBXBuildFile";
         fileRef = "OBJ_51";
      };
      "OBJ_2" = {
         isa = "XCConfigurationList";
         buildConfigurations = (
            "OBJ_3",
            "OBJ_4",
         );
         defaultConfigurationIsVisible = "0";
         defaultConfigurationName = "Release";
      };
      "OBJ_20" = {
         isa = "PBXGroup";
         children = (
            "OBJ_21",
         );
         name = "Tests";
         path = "Tests";
         sourceTree = "SOURCE_ROOT";
      };
      "OBJ_200" = {
         isa = "PBXBuildFile";
         fileRef = "OBJ_52";
      };
      "OBJ_201" = {
         isa = "PBXBuildFile";
         fileRef = "OBJ_53";
      };
      "OBJ_202" = {
         isa = "PBXBuildFile";
         fileRef = "OBJ_54";
      };
      "OBJ_203" = {
         isa = "PBXBuildFile";
         fileRef = "OBJ_55";
      };
      "OBJ_204" = {
         isa = "PBXBuildFile";
         fileRef = "OBJ_56";
      };
      "OBJ_205" = {
         isa = "PBXBuildFile";
         fileRef = "OBJ_57";
      };
      "OBJ_206" = {
         isa = "PBXBuildFile";
         fileRef = "OBJ_58";
      };
      "OBJ_207" = {
         isa = "PBXBuildFile";
         fileRef = "OBJ_59";
      };
      "OBJ_208" = {
         isa = "PBXBuildFile";
         fileRef = "OBJ_60";
      };
      "OBJ_209" = {
         isa = "PBXBuildFile";
         fileRef = "OBJ_61";
      };
      "OBJ_21" = {
         isa = "PBXFileReference";
         path = "TemplateDirectoryTests.swift";
         sourceTree = "<group>";
      };
      "OBJ_210" = {
         isa = "PBXBuildFile";
         fileRef = "OBJ_62";
      };
      "OBJ_211" = {
         isa = "PBXBuildFile";
         fileRef = "OBJ_63";
      };
      "OBJ_212" = {
         isa = "PBXBuildFile";
         fileRef = "OBJ_64";
      };
      "OBJ_213" = {
         isa = "PBXBuildFile";
         fileRef = "OBJ_65";
      };
      "OBJ_214" = {
         isa = "PBXFrameworksBuildPhase";
         files = (
            "OBJ_215",
         );
      };
      "OBJ_215" = {
         isa = "PBXBuildFile";
         fileRef = "Result::Result::Product";
      };
      "OBJ_216" = {
         isa = "PBXTargetDependency";
         target = "Result::Result";
      };
      "OBJ_218" = {
         isa = "XCConfigurationList";
         buildConfigurations = (
            "OBJ_219",
            "OBJ_220",
         );
         defaultConfigurationIsVisible = "0";
         defaultConfigurationName = "Release";
      };
      "OBJ_219" = {
         isa = "XCBuildConfiguration";
         buildSettings = {
            LD = "/usr/bin/true";
            OTHER_SWIFT_FLAGS = (
               "-swift-version",
               "4",
               "-I",
               "$(TOOLCHAIN_DIR)/usr/lib/swift/pm/4",
               "-target",
               "x86_64-apple-macosx10.10",
               "-sdk",
               "/Applications/Xcode.app/Contents/Developer/Platforms/MacOSX.platform/Developer/SDKs/MacOSX10.13.sdk",
            );
            SWIFT_VERSION = "4.0";
         };
         name = "Debug";
      };
      "OBJ_22" = {
         isa = "PBXGroup";
         children = (
            "OBJ_23",
            "OBJ_26",
            "OBJ_38",
            "OBJ_43",
            "OBJ_66",
         );
         name = "Dependencies";
         path = "";
         sourceTree = "<group>";
      };
      "OBJ_220" = {
         isa = "XCBuildConfiguration";
         buildSettings = {
            LD = "/usr/bin/true";
            OTHER_SWIFT_FLAGS = (
               "-swift-version",
               "4",
               "-I",
               "$(TOOLCHAIN_DIR)/usr/lib/swift/pm/4",
               "-target",
               "x86_64-apple-macosx10.10",
               "-sdk",
               "/Applications/Xcode.app/Contents/Developer/Platforms/MacOSX.platform/Developer/SDKs/MacOSX10.13.sdk",
            );
            SWIFT_VERSION = "4.0";
         };
         name = "Release";
      };
      "OBJ_221" = {
         isa = "PBXSourcesBuildPhase";
         files = (
            "OBJ_222",
         );
      };
      "OBJ_222" = {
         isa = "PBXBuildFile";
         fileRef = "OBJ_44";
      };
      "OBJ_223" = {
         isa = "XCConfigurationList";
         buildConfigurations = (
            "OBJ_224",
            "OBJ_225",
         );
         defaultConfigurationIsVisible = "0";
         defaultConfigurationName = "Release";
      };
      "OBJ_224" = {
         isa = "XCBuildConfiguration";
         buildSettings = {
            ENABLE_TESTABILITY = "YES";
            FRAMEWORK_SEARCH_PATHS = (
               "$(inherited)",
               "$(PLATFORM_DIR)/Developer/Library/Frameworks",
            );
            HEADER_SEARCH_PATHS = (
               "$(inherited)",
            );
            INFOPLIST_FILE = "Donut.xcodeproj/ReactiveTask_Info.plist";
            LD_RUNPATH_SEARCH_PATHS = (
               "$(inherited)",
               "$(TOOLCHAIN_DIR)/usr/lib/swift/macosx",
            );
            OTHER_CFLAGS = (
               "$(inherited)",
            );
            OTHER_LDFLAGS = (
               "$(inherited)",
            );
            OTHER_SWIFT_FLAGS = (
               "$(inherited)",
            );
            PRODUCT_BUNDLE_IDENTIFIER = "ReactiveTask";
            PRODUCT_MODULE_NAME = "$(TARGET_NAME:c99extidentifier)";
            PRODUCT_NAME = "$(TARGET_NAME:c99extidentifier)";
            SKIP_INSTALL = "YES";
            SWIFT_VERSION = "4.0";
            TARGET_NAME = "ReactiveTask";
         };
         name = "Debug";
      };
      "OBJ_225" = {
         isa = "XCBuildConfiguration";
         buildSettings = {
            ENABLE_TESTABILITY = "YES";
            FRAMEWORK_SEARCH_PATHS = (
               "$(inherited)",
               "$(PLATFORM_DIR)/Developer/Library/Frameworks",
            );
            HEADER_SEARCH_PATHS = (
               "$(inherited)",
            );
            INFOPLIST_FILE = "Donut.xcodeproj/ReactiveTask_Info.plist";
            LD_RUNPATH_SEARCH_PATHS = (
               "$(inherited)",
               "$(TOOLCHAIN_DIR)/usr/lib/swift/macosx",
            );
            OTHER_CFLAGS = (
               "$(inherited)",
            );
            OTHER_LDFLAGS = (
               "$(inherited)",
            );
            OTHER_SWIFT_FLAGS = (
               "$(inherited)",
            );
            PRODUCT_BUNDLE_IDENTIFIER = "ReactiveTask";
            PRODUCT_MODULE_NAME = "$(TARGET_NAME:c99extidentifier)";
            PRODUCT_NAME = "$(TARGET_NAME:c99extidentifier)";
            SKIP_INSTALL = "YES";
            SWIFT_VERSION = "4.0";
            TARGET_NAME = "ReactiveTask";
         };
         name = "Release";
      };
      "OBJ_226" = {
         isa = "PBXSourcesBuildPhase";
         files = (
            "OBJ_227",
            "OBJ_228",
            "OBJ_229",
         );
      };
      "OBJ_227" = {
         isa = "PBXBuildFile";
         fileRef = "OBJ_40";
      };
      "OBJ_228" = {
         isa = "PBXBuildFile";
         fileRef = "OBJ_41";
      };
      "OBJ_229" = {
         isa = "PBXBuildFile";
         fileRef = "OBJ_42";
      };
      "OBJ_23" = {
         isa = "PBXGroup";
         children = (
            "OBJ_24",
            "OBJ_25",
         );
         name = "Curry 4.0.1";
         path = ".build/checkouts/Curry.git-7507656763410610606/Source";
         sourceTree = "SOURCE_ROOT";
      };
      "OBJ_230" = {
         isa = "PBXFrameworksBuildPhase";
         files = (
            "OBJ_231",
            "OBJ_232",
         );
      };
      "OBJ_231" = {
         isa = "PBXBuildFile";
         fileRef = "ReactiveSwift::ReactiveSwift::Product";
      };
      "OBJ_232" = {
         isa = "PBXBuildFile";
         fileRef = "Result::Result::Product";
      };
      "OBJ_233" = {
         isa = "PBXTargetDependency";
         target = "ReactiveSwift::ReactiveSwift";
      };
      "OBJ_234" = {
         isa = "PBXTargetDependency";
         target = "Result::Result";
      };
      "OBJ_236" = {
         isa = "XCConfigurationList";
         buildConfigurations = (
            "OBJ_237",
            "OBJ_238",
         );
         defaultConfigurationIsVisible = "0";
         defaultConfigurationName = "Release";
      };
      "OBJ_237" = {
         isa = "XCBuildConfiguration";
         buildSettings = {
            LD = "/usr/bin/true";
            OTHER_SWIFT_FLAGS = (
               "-swift-version",
               "4",
               "-I",
               "$(TOOLCHAIN_DIR)/usr/lib/swift/pm/4",
               "-target",
               "x86_64-apple-macosx10.10",
               "-sdk",
               "/Applications/Xcode.app/Contents/Developer/Platforms/MacOSX.platform/Developer/SDKs/MacOSX10.13.sdk",
            );
            SWIFT_VERSION = "4.0";
         };
         name = "Debug";
      };
      "OBJ_238" = {
         isa = "XCBuildConfiguration";
         buildSettings = {
            LD = "/usr/bin/true";
            OTHER_SWIFT_FLAGS = (
               "-swift-version",
               "4",
               "-I",
               "$(TOOLCHAIN_DIR)/usr/lib/swift/pm/4",
               "-target",
               "x86_64-apple-macosx10.10",
               "-sdk",
               "/Applications/Xcode.app/Contents/Developer/Platforms/MacOSX.platform/Developer/SDKs/MacOSX10.13.sdk",
            );
            SWIFT_VERSION = "4.0";
         };
         name = "Release";
      };
      "OBJ_239" = {
         isa = "PBXSourcesBuildPhase";
         files = (
            "OBJ_240",
         );
      };
      "OBJ_24" = {
         isa = "PBXFileReference";
         explicitFileType = "sourcecode.swift";
         name = "Package.swift";
         path = "/Users/AtsuyaSato/Desktop/Donut/.build/checkouts/Curry.git-7507656763410610606/Package.swift";
         sourceTree = "<group>";
      };
      "OBJ_240" = {
         isa = "PBXBuildFile";
         fileRef = "OBJ_39";
      };
      "OBJ_241" = {
         isa = "XCConfigurationList";
         buildConfigurations = (
            "OBJ_242",
            "OBJ_243",
         );
         defaultConfigurationIsVisible = "0";
         defaultConfigurationName = "Release";
      };
      "OBJ_242" = {
         isa = "XCBuildConfiguration";
         buildSettings = {
            ENABLE_TESTABILITY = "YES";
            FRAMEWORK_SEARCH_PATHS = (
               "$(inherited)",
               "$(PLATFORM_DIR)/Developer/Library/Frameworks",
            );
            HEADER_SEARCH_PATHS = (
               "$(inherited)",
            );
            INFOPLIST_FILE = "Donut.xcodeproj/Result_Info.plist";
            LD_RUNPATH_SEARCH_PATHS = (
               "$(inherited)",
               "$(TOOLCHAIN_DIR)/usr/lib/swift/macosx",
            );
            OTHER_CFLAGS = (
               "$(inherited)",
            );
            OTHER_LDFLAGS = (
               "$(inherited)",
            );
            OTHER_SWIFT_FLAGS = (
               "$(inherited)",
            );
            PRODUCT_BUNDLE_IDENTIFIER = "Result";
            PRODUCT_MODULE_NAME = "$(TARGET_NAME:c99extidentifier)";
            PRODUCT_NAME = "$(TARGET_NAME:c99extidentifier)";
            SKIP_INSTALL = "YES";
            SWIFT_VERSION = "3.0";
            TARGET_NAME = "Result";
         };
         name = "Debug";
      };
      "OBJ_243" = {
         isa = "XCBuildConfiguration";
         buildSettings = {
            ENABLE_TESTABILITY = "YES";
            FRAMEWORK_SEARCH_PATHS = (
               "$(inherited)",
               "$(PLATFORM_DIR)/Developer/Library/Frameworks",
            );
            HEADER_SEARCH_PATHS = (
               "$(inherited)",
            );
            INFOPLIST_FILE = "Donut.xcodeproj/Result_Info.plist";
            LD_RUNPATH_SEARCH_PATHS = (
               "$(inherited)",
               "$(TOOLCHAIN_DIR)/usr/lib/swift/macosx",
            );
            OTHER_CFLAGS = (
               "$(inherited)",
            );
            OTHER_LDFLAGS = (
               "$(inherited)",
            );
            OTHER_SWIFT_FLAGS = (
               "$(inherited)",
            );
            PRODUCT_BUNDLE_IDENTIFIER = "Result";
            PRODUCT_MODULE_NAME = "$(TARGET_NAME:c99extidentifier)";
            PRODUCT_NAME = "$(TARGET_NAME:c99extidentifier)";
            SKIP_INSTALL = "YES";
            SWIFT_VERSION = "3.0";
            TARGET_NAME = "Result";
         };
         name = "Release";
      };
      "OBJ_244" = {
         isa = "PBXSourcesBuildPhase";
         files = (
            "OBJ_245",
            "OBJ_246",
         );
      };
      "OBJ_245" = {
         isa = "PBXBuildFile";
         fileRef = "OBJ_68";
      };
      "OBJ_246" = {
         isa = "PBXBuildFile";
         fileRef = "OBJ_69";
      };
      "OBJ_247" = {
         isa = "PBXFrameworksBuildPhase";
         files = (
         );
      };
      "OBJ_249" = {
         isa = "XCConfigurationList";
         buildConfigurations = (
            "OBJ_250",
            "OBJ_251",
         );
         defaultConfigurationIsVisible = "0";
         defaultConfigurationName = "Release";
      };
      "OBJ_25" = {
         isa = "PBXFileReference";
         path = "Curry.swift";
         sourceTree = "<group>";
      };
      "OBJ_250" = {
         isa = "XCBuildConfiguration";
         buildSettings = {
            LD = "/usr/bin/true";
            OTHER_SWIFT_FLAGS = (
               "-swift-version",
               "3",
               "-I",
               "$(TOOLCHAIN_DIR)/usr/lib/swift/pm/3",
               "-target",
               "x86_64-apple-macosx10.10",
               "-sdk",
               "/Applications/Xcode.app/Contents/Developer/Platforms/MacOSX.platform/Developer/SDKs/MacOSX10.13.sdk",
            );
            SWIFT_VERSION = "3.0";
         };
         name = "Debug";
      };
      "OBJ_251" = {
         isa = "XCBuildConfiguration";
         buildSettings = {
            LD = "/usr/bin/true";
            OTHER_SWIFT_FLAGS = (
               "-swift-version",
               "3",
               "-I",
               "$(TOOLCHAIN_DIR)/usr/lib/swift/pm/3",
               "-target",
               "x86_64-apple-macosx10.10",
               "-sdk",
               "/Applications/Xcode.app/Contents/Developer/Platforms/MacOSX.platform/Developer/SDKs/MacOSX10.13.sdk",
            );
            SWIFT_VERSION = "3.0";
         };
         name = "Release";
      };
      "OBJ_252" = {
         isa = "PBXSourcesBuildPhase";
         files = (
            "OBJ_253",
         );
      };
      "OBJ_253" = {
         isa = "PBXBuildFile";
         fileRef = "OBJ_70";
      };
      "OBJ_255" = {
         isa = "XCConfigurationList";
         buildConfigurations = (
            "OBJ_256",
            "OBJ_257",
         );
         defaultConfigurationIsVisible = "0";
         defaultConfigurationName = "Release";
      };
      "OBJ_256" = {
         isa = "XCBuildConfiguration";
         buildSettings = {
         };
         name = "Debug";
      };
      "OBJ_257" = {
         isa = "XCBuildConfiguration";
         buildSettings = {
         };
         name = "Release";
      };
      "OBJ_258" = {
         isa = "PBXTargetDependency";
         target = "Donut::Donut";
      };
      "OBJ_26" = {
         isa = "PBXGroup";
         children = (
            "OBJ_27",
            "OBJ_37",
         );
         name = "Commandant 0.13.0";
         path = "";
         sourceTree = "SOURCE_ROOT";
      };
      "OBJ_27" = {
         isa = "PBXGroup";
         children = (
            "OBJ_28",
            "OBJ_29",
            "OBJ_30",
            "OBJ_31",
            "OBJ_32",
            "OBJ_33",
            "OBJ_34",
            "OBJ_35",
            "OBJ_36",
         );
         name = "Commandant";
         path = ".build/checkouts/Commandant.git-3062511658102057207/Sources/Commandant";
         sourceTree = "SOURCE_ROOT";
      };
      "OBJ_28" = {
         isa = "PBXFileReference";
         path = "Argument.swift";
         sourceTree = "<group>";
      };
      "OBJ_29" = {
         isa = "PBXFileReference";
         path = "ArgumentParser.swift";
         sourceTree = "<group>";
      };
      "OBJ_3" = {
         isa = "XCBuildConfiguration";
         buildSettings = {
            CLANG_ENABLE_OBJC_ARC = "YES";
            COMBINE_HIDPI_IMAGES = "YES";
            COPY_PHASE_STRIP = "NO";
            DEBUG_INFORMATION_FORMAT = "dwarf";
            DYLIB_INSTALL_NAME_BASE = "@rpath";
            ENABLE_NS_ASSERTIONS = "YES";
            GCC_OPTIMIZATION_LEVEL = "0";
            MACOSX_DEPLOYMENT_TARGET = "10.10";
            ONLY_ACTIVE_ARCH = "YES";
            OTHER_SWIFT_FLAGS = (
               "-DXcode",
            );
            PRODUCT_NAME = "$(TARGET_NAME)";
            SDKROOT = "macosx";
            SUPPORTED_PLATFORMS = (
               "macosx",
               "iphoneos",
               "iphonesimulator",
               "appletvos",
               "appletvsimulator",
               "watchos",
               "watchsimulator",
            );
            SWIFT_ACTIVE_COMPILATION_CONDITIONS = "SWIFT_PACKAGE";
            SWIFT_OPTIMIZATION_LEVEL = "-Onone";
            USE_HEADERMAP = "NO";
         };
         name = "Debug";
      };
      "OBJ_30" = {
         isa = "PBXFileReference";
         path = "ArgumentProtocol.swift";
         sourceTree = "<group>";
      };
      "OBJ_31" = {
         isa = "PBXFileReference";
         path = "Command.swift";
         sourceTree = "<group>";
      };
      "OBJ_32" = {
         isa = "PBXFileReference";
         path = "Errors.swift";
         sourceTree = "<group>";
      };
      "OBJ_33" = {
         isa = "PBXFileReference";
         path = "HelpCommand.swift";
         sourceTree = "<group>";
      };
      "OBJ_34" = {
         isa = "PBXFileReference";
         path = "Option.swift";
         sourceTree = "<group>";
      };
      "OBJ_35" = {
         isa = "PBXFileReference";
         path = "OrderedSet.swift";
         sourceTree = "<group>";
      };
      "OBJ_36" = {
         isa = "PBXFileReference";
         path = "Switch.swift";
         sourceTree = "<group>";
      };
      "OBJ_37" = {
         isa = "PBXFileReference";
         explicitFileType = "sourcecode.swift";
         name = "Package.swift";
         path = "/Users/AtsuyaSato/Desktop/Donut/.build/checkouts/Commandant.git-3062511658102057207/Package.swift";
         sourceTree = "<group>";
      };
      "OBJ_38" = {
         isa = "PBXGroup";
         children = (
            "OBJ_39",
            "OBJ_40",
            "OBJ_41",
            "OBJ_42",
         );
         name = "ReactiveTask 0.14.0";
         path = ".build/checkouts/ReactiveTask.git--7769101310086521155/Sources";
         sourceTree = "SOURCE_ROOT";
      };
      "OBJ_39" = {
         isa = "PBXFileReference";
         explicitFileType = "sourcecode.swift";
         name = "Package.swift";
         path = "/Users/AtsuyaSato/Desktop/Donut/.build/checkouts/ReactiveTask.git--7769101310086521155/Package.swift";
         sourceTree = "<group>";
      };
      "OBJ_4" = {
         isa = "XCBuildConfiguration";
         buildSettings = {
            CLANG_ENABLE_OBJC_ARC = "YES";
            COMBINE_HIDPI_IMAGES = "YES";
            COPY_PHASE_STRIP = "YES";
            DEBUG_INFORMATION_FORMAT = "dwarf-with-dsym";
            DYLIB_INSTALL_NAME_BASE = "@rpath";
            GCC_OPTIMIZATION_LEVEL = "s";
            MACOSX_DEPLOYMENT_TARGET = "10.10";
            OTHER_SWIFT_FLAGS = (
               "-DXcode",
            );
            PRODUCT_NAME = "$(TARGET_NAME)";
            SDKROOT = "macosx";
            SUPPORTED_PLATFORMS = (
               "macosx",
               "iphoneos",
               "iphonesimulator",
               "appletvos",
               "appletvsimulator",
               "watchos",
               "watchsimulator",
            );
            SWIFT_ACTIVE_COMPILATION_CONDITIONS = "SWIFT_PACKAGE";
            SWIFT_OPTIMIZATION_LEVEL = "-Owholemodule";
            USE_HEADERMAP = "NO";
         };
         name = "Release";
      };
      "OBJ_40" = {
         isa = "PBXFileReference";
         path = "Availability.swift";
         sourceTree = "<group>";
      };
      "OBJ_41" = {
         isa = "PBXFileReference";
         path = "Errors.swift";
         sourceTree = "<group>";
      };
      "OBJ_42" = {
         isa = "PBXFileReference";
         path = "Task.swift";
         sourceTree = "<group>";
      };
      "OBJ_43" = {
         isa = "PBXGroup";
         children = (
            "OBJ_44",
            "OBJ_45",
            "OBJ_46",
            "OBJ_47",
            "OBJ_48",
            "OBJ_49",
            "OBJ_50",
            "OBJ_51",
            "OBJ_52",
            "OBJ_53",
            "OBJ_54",
            "OBJ_55",
            "OBJ_56",
            "OBJ_57",
            "OBJ_58",
            "OBJ_59",
            "OBJ_60",
            "OBJ_61",
            "OBJ_62",
            "OBJ_63",
            "OBJ_64",
            "OBJ_65",
         );
         name = "ReactiveSwift 3.1.0";
         path = ".build/checkouts/ReactiveSwift.git-5417491714505190452/Sources";
         sourceTree = "SOURCE_ROOT";
      };
      "OBJ_44" = {
         isa = "PBXFileReference";
         explicitFileType = "sourcecode.swift";
         name = "Package.swift";
         path = "/Users/AtsuyaSato/Desktop/Donut/.build/checkouts/ReactiveSwift.git-5417491714505190452/Package.swift";
         sourceTree = "<group>";
      };
      "OBJ_45" = {
         isa = "PBXFileReference";
         path = "Action.swift";
         sourceTree = "<group>";
      };
      "OBJ_46" = {
         isa = "PBXFileReference";
         path = "Atomic.swift";
         sourceTree = "<group>";
      };
      "OBJ_47" = {
         isa = "PBXFileReference";
         path = "Bag.swift";
         sourceTree = "<group>";
      };
      "OBJ_48" = {
         isa = "PBXFileReference";
         path = "Deprecations+Removals.swift";
         sourceTree = "<group>";
      };
      "OBJ_49" = {
         isa = "PBXFileReference";
         path = "Disposable.swift";
         sourceTree = "<group>";
      };
      "OBJ_5" = {
         isa = "PBXGroup";
         children = (
            "OBJ_6",
            "OBJ_7",
            "OBJ_20",
            "OBJ_22",
            "OBJ_71",
         );
         path = "";
         sourceTree = "<group>";
      };
      "OBJ_50" = {
         isa = "PBXFileReference";
         path = "Event.swift";
         sourceTree = "<group>";
      };
      "OBJ_51" = {
         isa = "PBXFileReference";
         path = "EventLogger.swift";
         sourceTree = "<group>";
      };
      "OBJ_52" = {
         isa = "PBXFileReference";
         path = "Flatten.swift";
         sourceTree = "<group>";
      };
      "OBJ_53" = {
         isa = "PBXFileReference";
         path = "FoundationExtensions.swift";
         sourceTree = "<group>";
      };
      "OBJ_54" = {
         isa = "PBXFileReference";
         path = "Lifetime.swift";
         sourceTree = "<group>";
      };
      "OBJ_55" = {
         isa = "PBXFileReference";
         path = "Observer.swift";
         sourceTree = "<group>";
      };
      "OBJ_56" = {
         isa = "PBXFileReference";
         path = "Optional.swift";
         sourceTree = "<group>";
      };
      "OBJ_57" = {
         isa = "PBXFileReference";
         path = "Property.swift";
         sourceTree = "<group>";
      };
      "OBJ_58" = {
         isa = "PBXFileReference";
         path = "Reactive.swift";
         sourceTree = "<group>";
      };
      "OBJ_59" = {
         isa = "PBXFileReference";
         path = "ResultExtensions.swift";
         sourceTree = "<group>";
      };
      "OBJ_6" = {
         isa = "PBXFileReference";
         explicitFileType = "sourcecode.swift";
         path = "Package.swift";
         sourceTree = "<group>";
      };
      "OBJ_60" = {
         isa = "PBXFileReference";
         path = "Scheduler.swift";
         sourceTree = "<group>";
      };
      "OBJ_61" = {
         isa = "PBXFileReference";
         path = "Signal.swift";
         sourceTree = "<group>";
      };
      "OBJ_62" = {
         isa = "PBXFileReference";
         path = "SignalProducer.swift";
         sourceTree = "<group>";
      };
      "OBJ_63" = {
         isa = "PBXFileReference";
         path = "UnidirectionalBinding.swift";
         sourceTree = "<group>";
      };
      "OBJ_64" = {
         isa = "PBXFileReference";
         path = "UninhabitedTypeGuards.swift";
         sourceTree = "<group>";
      };
      "OBJ_65" = {
         isa = "PBXFileReference";
         path = "ValidatingProperty.swift";
         sourceTree = "<group>";
      };
      "OBJ_66" = {
         isa = "PBXGroup";
         children = (
            "OBJ_67",
            "OBJ_70",
         );
         name = "Result 3.2.4";
         path = "";
         sourceTree = "SOURCE_ROOT";
      };
      "OBJ_67" = {
         isa = "PBXGroup";
         children = (
            "OBJ_68",
            "OBJ_69",
         );
         name = "Result";
         path = ".build/checkouts/Result.git-8684547452332391156/Result";
         sourceTree = "SOURCE_ROOT";
      };
      "OBJ_68" = {
         isa = "PBXFileReference";
         path = "Result.swift";
         sourceTree = "<group>";
      };
      "OBJ_69" = {
         isa = "PBXFileReference";
         path = "ResultProtocol.swift";
         sourceTree = "<group>";
      };
      "OBJ_7" = {
         isa = "PBXGroup";
         children = (
            "OBJ_8",
            "OBJ_14",
         );
         name = "Sources";
         path = "";
         sourceTree = "SOURCE_ROOT";
      };
      "OBJ_70" = {
         isa = "PBXFileReference";
         explicitFileType = "sourcecode.swift";
         name = "Package.swift";
         path = "/Users/AtsuyaSato/Desktop/Donut/.build/checkouts/Result.git-8684547452332391156/Package.swift";
         sourceTree = "<group>";
      };
      "OBJ_71" = {
         isa = "PBXGroup";
         children = (
            "ReactiveSwift::ReactiveSwift::Product",
            "ReactiveTask::ReactiveTask::Product",
            "Donut::DonutKit::Product",
            "Result::Result::Product",
            "Commandant::Commandant::Product",
            "Curry::Curry::Product",
            "Donut::Donut::Product",
            "Donut::DonutTests::Product",
         );
         name = "Products";
         path = "";
         sourceTree = "BUILT_PRODUCTS_DIR";
      };
      "OBJ_8" = {
         isa = "PBXGroup";
         children = (
            "OBJ_9",
            "OBJ_10",
            "OBJ_11",
            "OBJ_12",
            "OBJ_13",
         );
         name = "DonutKit";
         path = "Sources/DonutKit";
         sourceTree = "SOURCE_ROOT";
      };
      "OBJ_81" = {
         isa = "XCConfigurationList";
         buildConfigurations = (
            "OBJ_82",
            "OBJ_83",
         );
         defaultConfigurationIsVisible = "0";
         defaultConfigurationName = "Release";
      };
      "OBJ_82" = {
         isa = "XCBuildConfiguration";
         buildSettings = {
            ENABLE_TESTABILITY = "YES";
            FRAMEWORK_SEARCH_PATHS = (
               "$(inherited)",
               "$(PLATFORM_DIR)/Developer/Library/Frameworks",
            );
            HEADER_SEARCH_PATHS = (
               "$(inherited)",
            );
            INFOPLIST_FILE = "Donut.xcodeproj/Commandant_Info.plist";
            LD_RUNPATH_SEARCH_PATHS = (
               "$(inherited)",
               "$(TOOLCHAIN_DIR)/usr/lib/swift/macosx",
            );
            OTHER_CFLAGS = (
               "$(inherited)",
            );
            OTHER_LDFLAGS = (
               "$(inherited)",
            );
            OTHER_SWIFT_FLAGS = (
               "$(inherited)",
            );
            PRODUCT_BUNDLE_IDENTIFIER = "Commandant";
            PRODUCT_MODULE_NAME = "$(TARGET_NAME:c99extidentifier)";
            PRODUCT_NAME = "$(TARGET_NAME:c99extidentifier)";
            SKIP_INSTALL = "YES";
            SWIFT_VERSION = "4.0";
            TARGET_NAME = "Commandant";
         };
         name = "Debug";
      };
      "OBJ_83" = {
         isa = "XCBuildConfiguration";
         buildSettings = {
            ENABLE_TESTABILITY = "YES";
            FRAMEWORK_SEARCH_PATHS = (
               "$(inherited)",
               "$(PLATFORM_DIR)/Developer/Library/Frameworks",
            );
            HEADER_SEARCH_PATHS = (
               "$(inherited)",
            );
            INFOPLIST_FILE = "Donut.xcodeproj/Commandant_Info.plist";
            LD_RUNPATH_SEARCH_PATHS = (
               "$(inherited)",
               "$(TOOLCHAIN_DIR)/usr/lib/swift/macosx",
            );
            OTHER_CFLAGS = (
               "$(inherited)",
            );
            OTHER_LDFLAGS = (
               "$(inherited)",
            );
            OTHER_SWIFT_FLAGS = (
               "$(inherited)",
            );
            PRODUCT_BUNDLE_IDENTIFIER = "Commandant";
            PRODUCT_MODULE_NAME = "$(TARGET_NAME:c99extidentifier)";
            PRODUCT_NAME = "$(TARGET_NAME:c99extidentifier)";
            SKIP_INSTALL = "YES";
            SWIFT_VERSION = "4.0";
            TARGET_NAME = "Commandant";
         };
         name = "Release";
      };
      "OBJ_84" = {
         isa = "PBXSourcesBuildPhase";
         files = (
            "OBJ_85",
            "OBJ_86",
            "OBJ_87",
            "OBJ_88",
            "OBJ_89",
            "OBJ_90",
            "OBJ_91",
            "OBJ_92",
            "OBJ_93",
         );
      };
      "OBJ_85" = {
         isa = "PBXBuildFile";
         fileRef = "OBJ_28";
      };
      "OBJ_86" = {
         isa = "PBXBuildFile";
         fileRef = "OBJ_29";
      };
      "OBJ_87" = {
         isa = "PBXBuildFile";
         fileRef = "OBJ_30";
      };
      "OBJ_88" = {
         isa = "PBXBuildFile";
         fileRef = "OBJ_31";
      };
      "OBJ_89" = {
         isa = "PBXBuildFile";
         fileRef = "OBJ_32";
      };
      "OBJ_9" = {
         isa = "PBXFileReference";
         path = "DonutErrors.swift";
         sourceTree = "<group>";
      };
      "OBJ_90" = {
         isa = "PBXBuildFile";
         fileRef = "OBJ_33";
      };
      "OBJ_91" = {
         isa = "PBXBuildFile";
         fileRef = "OBJ_34";
      };
      "OBJ_92" = {
         isa = "PBXBuildFile";
         fileRef = "OBJ_35";
      };
      "OBJ_93" = {
         isa = "PBXBuildFile";
         fileRef = "OBJ_36";
      };
      "OBJ_94" = {
         isa = "PBXFrameworksBuildPhase";
         files = (
            "OBJ_95",
         );
      };
      "OBJ_95" = {
         isa = "PBXBuildFile";
         fileRef = "Result::Result::Product";
      };
      "OBJ_96" = {
         isa = "PBXTargetDependency";
         target = "Result::Result";
      };
      "OBJ_99" = {
         isa = "XCConfigurationList";
         buildConfigurations = (
            "OBJ_100",
            "OBJ_101",
         );
         defaultConfigurationIsVisible = "0";
         defaultConfigurationName = "Release";
      };
      "ReactiveSwift::ReactiveSwift" = {
         isa = "PBXNativeTarget";
         buildConfigurationList = "OBJ_189";
         buildPhases = (
            "OBJ_192",
            "OBJ_214",
         );
         dependencies = (
            "OBJ_216",
         );
         name = "ReactiveSwift";
         productName = "ReactiveSwift";
         productReference = "ReactiveSwift::ReactiveSwift::Product";
         productType = "com.apple.product-type.framework";
      };
      "ReactiveSwift::ReactiveSwift::Product" = {
         isa = "PBXFileReference";
         path = "ReactiveSwift.framework";
         sourceTree = "BUILT_PRODUCTS_DIR";
      };
      "ReactiveSwift::SwiftPMPackageDescription" = {
         isa = "PBXNativeTarget";
         buildConfigurationList = "OBJ_218";
         buildPhases = (
            "OBJ_221",
         );
         dependencies = (
         );
         name = "ReactiveSwiftPackageDescription";
         productName = "ReactiveSwiftPackageDescription";
         productType = "com.apple.product-type.framework";
      };
      "ReactiveTask::ReactiveTask" = {
         isa = "PBXNativeTarget";
         buildConfigurationList = "OBJ_223";
         buildPhases = (
            "OBJ_226",
            "OBJ_230",
         );
         dependencies = (
            "OBJ_233",
            "OBJ_234",
         );
         name = "ReactiveTask";
         productName = "ReactiveTask";
         productReference = "ReactiveTask::ReactiveTask::Product";
         productType = "com.apple.product-type.framework";
      };
      "ReactiveTask::ReactiveTask::Product" = {
         isa = "PBXFileReference";
         path = "ReactiveTask.framework";
         sourceTree = "BUILT_PRODUCTS_DIR";
      };
      "ReactiveTask::SwiftPMPackageDescription" = {
         isa = "PBXNativeTarget";
         buildConfigurationList = "OBJ_236";
         buildPhases = (
            "OBJ_239",
         );
         dependencies = (
         );
         name = "ReactiveTaskPackageDescription";
         productName = "ReactiveTaskPackageDescription";
         productType = "com.apple.product-type.framework";
      };
      "Result::Result" = {
         isa = "PBXNativeTarget";
         buildConfigurationList = "OBJ_241";
         buildPhases = (
            "OBJ_244",
            "OBJ_247",
         );
         dependencies = (
         );
         name = "Result";
         productName = "Result";
         productReference = "Result::Result::Product";
         productType = "com.apple.product-type.framework";
      };
      "Result::Result::Product" = {
         isa = "PBXFileReference";
         path = "Result.framework";
         sourceTree = "BUILT_PRODUCTS_DIR";
      };
      "Result::SwiftPMPackageDescription" = {
         isa = "PBXNativeTarget";
         buildConfigurationList = "OBJ_249";
         buildPhases = (
            "OBJ_252",
         );
         dependencies = (
         );
         name = "ResultPackageDescription";
         productName = "ResultPackageDescription";
         productType = "com.apple.product-type.framework";
      };
   };
   rootObject = "OBJ_1";
}
