// !$*UTF8*$!
{
	archiveVersion = 1;
	classes = {
	};
	objectVersion = 46;
	objects = {

/* Begin PBXAggregateTarget section */
		"Donut::DonutPackageTests::ProductTarget" /* DonutPackageTests */ = {
			isa = PBXAggregateTarget;
			buildConfigurationList = OBJ_159 /* Build configuration list for PBXAggregateTarget "DonutPackageTests" */;
			buildPhases = (
			);
			dependencies = (
				OBJ_162 /* PBXTargetDependency */,
			);
			name = DonutPackageTests;
			productName = DonutPackageTests;
		};
		"Donut::donut::ProductTarget" /* donut */ = {
			isa = PBXAggregateTarget;
			buildConfigurationList = OBJ_249 /* Build configuration list for PBXAggregateTarget "donut" */;
			buildPhases = (
			);
			dependencies = (
				OBJ_252 /* PBXTargetDependency */,
			);
			name = donut;
			productName = donut;
		};
/* End PBXAggregateTarget section */

/* Begin PBXBuildFile section */
		OBJ_103 /* Package.swift in Sources */ = {isa = PBXBuildFile; fileRef = OBJ_37 /* Package.swift */; };
		OBJ_109 /* Curry.swift in Sources */ = {isa = PBXBuildFile; fileRef = OBJ_25 /* Curry.swift */; };
		OBJ_116 /* Package.swift in Sources */ = {isa = PBXBuildFile; fileRef = OBJ_24 /* Package.swift */; };
		OBJ_122 /* InstallCommand.swift in Sources */ = {isa = PBXBuildFile; fileRef = OBJ_16 /* InstallCommand.swift */; };
		OBJ_123 /* ListCommand.swift in Sources */ = {isa = PBXBuildFile; fileRef = OBJ_17 /* ListCommand.swift */; };
		OBJ_124 /* VersionCommand.swift in Sources */ = {isa = PBXBuildFile; fileRef = OBJ_18 /* VersionCommand.swift */; };
		OBJ_125 /* main.swift in Sources */ = {isa = PBXBuildFile; fileRef = OBJ_19 /* main.swift */; };
		OBJ_127 /* Curry.framework in Frameworks */ = {isa = PBXBuildFile; fileRef = "Curry::Curry::Product" /* Curry.framework */; };
		OBJ_128 /* Commandant.framework in Frameworks */ = {isa = PBXBuildFile; fileRef = "Commandant::Commandant::Product" /* Commandant.framework */; };
		OBJ_129 /* ReactiveTask.framework in Frameworks */ = {isa = PBXBuildFile; fileRef = "ReactiveTask::ReactiveTask::Product" /* ReactiveTask.framework */; };
		OBJ_130 /* ReactiveSwift.framework in Frameworks */ = {isa = PBXBuildFile; fileRef = "ReactiveSwift::ReactiveSwift::Product" /* ReactiveSwift.framework */; };
		OBJ_131 /* Result.framework in Frameworks */ = {isa = PBXBuildFile; fileRef = "Result::Result::Product" /* Result.framework */; };
		OBJ_132 /* DonutKit.framework in Frameworks */ = {isa = PBXBuildFile; fileRef = "Donut::DonutKit::Product" /* DonutKit.framework */; };
		OBJ_146 /* DonutErrors.swift in Sources */ = {isa = PBXBuildFile; fileRef = OBJ_9 /* DonutErrors.swift */; };
		OBJ_147 /* Git.swift in Sources */ = {isa = PBXBuildFile; fileRef = OBJ_10 /* Git.swift */; };
		OBJ_148 /* SemanticVersion.swift in Sources */ = {isa = PBXBuildFile; fileRef = OBJ_11 /* SemanticVersion.swift */; };
		OBJ_149 /* Template.swift in Sources */ = {isa = PBXBuildFile; fileRef = OBJ_12 /* Template.swift */; };
		OBJ_150 /* TemplateDirectory.swift in Sources */ = {isa = PBXBuildFile; fileRef = OBJ_13 /* TemplateDirectory.swift */; };
		OBJ_157 /* Package.swift in Sources */ = {isa = PBXBuildFile; fileRef = OBJ_6 /* Package.swift */; };
		OBJ_168 /* TemplateDirectoryTests.swift in Sources */ = {isa = PBXBuildFile; fileRef = OBJ_21 /* TemplateDirectoryTests.swift */; };
		OBJ_170 /* Curry.framework in Frameworks */ = {isa = PBXBuildFile; fileRef = "Curry::Curry::Product" /* Curry.framework */; };
		OBJ_171 /* Commandant.framework in Frameworks */ = {isa = PBXBuildFile; fileRef = "Commandant::Commandant::Product" /* Commandant.framework */; };
		OBJ_172 /* ReactiveTask.framework in Frameworks */ = {isa = PBXBuildFile; fileRef = "ReactiveTask::ReactiveTask::Product" /* ReactiveTask.framework */; };
		OBJ_173 /* ReactiveSwift.framework in Frameworks */ = {isa = PBXBuildFile; fileRef = "ReactiveSwift::ReactiveSwift::Product" /* ReactiveSwift.framework */; };
		OBJ_174 /* Result.framework in Frameworks */ = {isa = PBXBuildFile; fileRef = "Result::Result::Product" /* Result.framework */; };
		OBJ_175 /* DonutKit.framework in Frameworks */ = {isa = PBXBuildFile; fileRef = "Donut::DonutKit::Product" /* DonutKit.framework */; };
		OBJ_187 /* Action.swift in Sources */ = {isa = PBXBuildFile; fileRef = OBJ_45 /* Action.swift */; };
		OBJ_188 /* Atomic.swift in Sources */ = {isa = PBXBuildFile; fileRef = OBJ_46 /* Atomic.swift */; };
		OBJ_189 /* Bag.swift in Sources */ = {isa = PBXBuildFile; fileRef = OBJ_47 /* Bag.swift */; };
		OBJ_190 /* Deprecations+Removals.swift in Sources */ = {isa = PBXBuildFile; fileRef = OBJ_48 /* Deprecations+Removals.swift */; };
		OBJ_191 /* Disposable.swift in Sources */ = {isa = PBXBuildFile; fileRef = OBJ_49 /* Disposable.swift */; };
		OBJ_192 /* Event.swift in Sources */ = {isa = PBXBuildFile; fileRef = OBJ_50 /* Event.swift */; };
		OBJ_193 /* EventLogger.swift in Sources */ = {isa = PBXBuildFile; fileRef = OBJ_51 /* EventLogger.swift */; };
		OBJ_194 /* Flatten.swift in Sources */ = {isa = PBXBuildFile; fileRef = OBJ_52 /* Flatten.swift */; };
		OBJ_195 /* FoundationExtensions.swift in Sources */ = {isa = PBXBuildFile; fileRef = OBJ_53 /* FoundationExtensions.swift */; };
		OBJ_196 /* Lifetime.swift in Sources */ = {isa = PBXBuildFile; fileRef = OBJ_54 /* Lifetime.swift */; };
		OBJ_197 /* Observer.swift in Sources */ = {isa = PBXBuildFile; fileRef = OBJ_55 /* Observer.swift */; };
		OBJ_198 /* Optional.swift in Sources */ = {isa = PBXBuildFile; fileRef = OBJ_56 /* Optional.swift */; };
		OBJ_199 /* Property.swift in Sources */ = {isa = PBXBuildFile; fileRef = OBJ_57 /* Property.swift */; };
		OBJ_200 /* Reactive.swift in Sources */ = {isa = PBXBuildFile; fileRef = OBJ_58 /* Reactive.swift */; };
		OBJ_201 /* ResultExtensions.swift in Sources */ = {isa = PBXBuildFile; fileRef = OBJ_59 /* ResultExtensions.swift */; };
		OBJ_202 /* Scheduler.swift in Sources */ = {isa = PBXBuildFile; fileRef = OBJ_60 /* Scheduler.swift */; };
		OBJ_203 /* Signal.swift in Sources */ = {isa = PBXBuildFile; fileRef = OBJ_61 /* Signal.swift */; };
		OBJ_204 /* SignalProducer.swift in Sources */ = {isa = PBXBuildFile; fileRef = OBJ_62 /* SignalProducer.swift */; };
		OBJ_205 /* UnidirectionalBinding.swift in Sources */ = {isa = PBXBuildFile; fileRef = OBJ_63 /* UnidirectionalBinding.swift */; };
		OBJ_206 /* UninhabitedTypeGuards.swift in Sources */ = {isa = PBXBuildFile; fileRef = OBJ_64 /* UninhabitedTypeGuards.swift */; };
		OBJ_207 /* ValidatingProperty.swift in Sources */ = {isa = PBXBuildFile; fileRef = OBJ_65 /* ValidatingProperty.swift */; };
		OBJ_209 /* Result.framework in Frameworks */ = {isa = PBXBuildFile; fileRef = "Result::Result::Product" /* Result.framework */; };
		OBJ_216 /* Package.swift in Sources */ = {isa = PBXBuildFile; fileRef = OBJ_44 /* Package.swift */; };
		OBJ_221 /* Availability.swift in Sources */ = {isa = PBXBuildFile; fileRef = OBJ_40 /* Availability.swift */; };
		OBJ_222 /* Errors.swift in Sources */ = {isa = PBXBuildFile; fileRef = OBJ_41 /* Errors.swift */; };
		OBJ_223 /* Task.swift in Sources */ = {isa = PBXBuildFile; fileRef = OBJ_42 /* Task.swift */; };
		OBJ_225 /* ReactiveSwift.framework in Frameworks */ = {isa = PBXBuildFile; fileRef = "ReactiveSwift::ReactiveSwift::Product" /* ReactiveSwift.framework */; };
		OBJ_226 /* Result.framework in Frameworks */ = {isa = PBXBuildFile; fileRef = "Result::Result::Product" /* Result.framework */; };
		OBJ_234 /* Package.swift in Sources */ = {isa = PBXBuildFile; fileRef = OBJ_39 /* Package.swift */; };
		OBJ_239 /* Result.swift in Sources */ = {isa = PBXBuildFile; fileRef = OBJ_68 /* Result.swift */; };
		OBJ_240 /* ResultProtocol.swift in Sources */ = {isa = PBXBuildFile; fileRef = OBJ_69 /* ResultProtocol.swift */; };
		OBJ_247 /* Package.swift in Sources */ = {isa = PBXBuildFile; fileRef = OBJ_70 /* Package.swift */; };
		OBJ_85 /* Argument.swift in Sources */ = {isa = PBXBuildFile; fileRef = OBJ_28 /* Argument.swift */; };
		OBJ_86 /* ArgumentParser.swift in Sources */ = {isa = PBXBuildFile; fileRef = OBJ_29 /* ArgumentParser.swift */; };
		OBJ_87 /* ArgumentProtocol.swift in Sources */ = {isa = PBXBuildFile; fileRef = OBJ_30 /* ArgumentProtocol.swift */; };
		OBJ_88 /* Command.swift in Sources */ = {isa = PBXBuildFile; fileRef = OBJ_31 /* Command.swift */; };
		OBJ_89 /* Errors.swift in Sources */ = {isa = PBXBuildFile; fileRef = OBJ_32 /* Errors.swift */; };
		OBJ_90 /* HelpCommand.swift in Sources */ = {isa = PBXBuildFile; fileRef = OBJ_33 /* HelpCommand.swift */; };
		OBJ_91 /* Option.swift in Sources */ = {isa = PBXBuildFile; fileRef = OBJ_34 /* Option.swift */; };
		OBJ_92 /* OrderedSet.swift in Sources */ = {isa = PBXBuildFile; fileRef = OBJ_35 /* OrderedSet.swift */; };
		OBJ_93 /* Switch.swift in Sources */ = {isa = PBXBuildFile; fileRef = OBJ_36 /* Switch.swift */; };
		OBJ_95 /* Result.framework in Frameworks */ = {isa = PBXBuildFile; fileRef = "Result::Result::Product" /* Result.framework */; };
/* End PBXBuildFile section */

/* Begin PBXContainerItemProxy section */
		E7C0419120CA56F6001C949C /* PBXContainerItemProxy */ = {
			isa = PBXContainerItemProxy;
			containerPortal = OBJ_1 /* Project object */;
			proxyType = 1;
			remoteGlobalIDString = "Curry::Curry";
			remoteInfo = Curry;
		};
		E7C0419220CA56F6001C949C /* PBXContainerItemProxy */ = {
			isa = PBXContainerItemProxy;
			containerPortal = OBJ_1 /* Project object */;
			proxyType = 1;
			remoteGlobalIDString = "Commandant::Commandant";
			remoteInfo = Commandant;
		};
		E7C0419320CA56F6001C949C /* PBXContainerItemProxy */ = {
			isa = PBXContainerItemProxy;
			containerPortal = OBJ_1 /* Project object */;
			proxyType = 1;
			remoteGlobalIDString = "Result::Result";
			remoteInfo = Result;
		};
		E7C0419420CA56F6001C949C /* PBXContainerItemProxy */ = {
			isa = PBXContainerItemProxy;
			containerPortal = OBJ_1 /* Project object */;
			proxyType = 1;
			remoteGlobalIDString = "ReactiveTask::ReactiveTask";
			remoteInfo = ReactiveTask;
		};
		E7C0419520CA56F6001C949C /* PBXContainerItemProxy */ = {
			isa = PBXContainerItemProxy;
			containerPortal = OBJ_1 /* Project object */;
			proxyType = 1;
			remoteGlobalIDString = "ReactiveSwift::ReactiveSwift";
			remoteInfo = ReactiveSwift;
		};
		E7C0419620CA56F6001C949C /* PBXContainerItemProxy */ = {
			isa = PBXContainerItemProxy;
			containerPortal = OBJ_1 /* Project object */;
			proxyType = 1;
			remoteGlobalIDString = "Result::Result";
			remoteInfo = Result;
		};
		E7C0419720CA56F6001C949C /* PBXContainerItemProxy */ = {
			isa = PBXContainerItemProxy;
			containerPortal = OBJ_1 /* Project object */;
			proxyType = 1;
			remoteGlobalIDString = "Result::Result";
			remoteInfo = Result;
		};
		E7C0419820CA56F6001C949C /* PBXContainerItemProxy */ = {
			isa = PBXContainerItemProxy;
			containerPortal = OBJ_1 /* Project object */;
			proxyType = 1;
			remoteGlobalIDString = "ReactiveSwift::ReactiveSwift";
			remoteInfo = ReactiveSwift;
		};
		E7C0419920CA56F6001C949C /* PBXContainerItemProxy */ = {
			isa = PBXContainerItemProxy;
			containerPortal = OBJ_1 /* Project object */;
			proxyType = 1;
			remoteGlobalIDString = "Result::Result";
			remoteInfo = Result;
		};
		E7C0419A20CA56F6001C949C /* PBXContainerItemProxy */ = {
			isa = PBXContainerItemProxy;
			containerPortal = OBJ_1 /* Project object */;
			proxyType = 1;
			remoteGlobalIDString = "Donut::DonutKit";
			remoteInfo = DonutKit;
		};
		E7C0419B20CA56F6001C949C /* PBXContainerItemProxy */ = {
			isa = PBXContainerItemProxy;
			containerPortal = OBJ_1 /* Project object */;
			proxyType = 1;
			remoteGlobalIDString = "Donut::Donut";
			remoteInfo = Donut;
		};
		E7C0419C20CA56F6001C949C /* PBXContainerItemProxy */ = {
			isa = PBXContainerItemProxy;
			containerPortal = OBJ_1 /* Project object */;
			proxyType = 1;
			remoteGlobalIDString = "Curry::Curry";
			remoteInfo = Curry;
		};
		E7C0419D20CA56F6001C949C /* PBXContainerItemProxy */ = {
			isa = PBXContainerItemProxy;
			containerPortal = OBJ_1 /* Project object */;
			proxyType = 1;
			remoteGlobalIDString = "Commandant::Commandant";
			remoteInfo = Commandant;
		};
		E7C0419E20CA56F6001C949C /* PBXContainerItemProxy */ = {
			isa = PBXContainerItemProxy;
			containerPortal = OBJ_1 /* Project object */;
			proxyType = 1;
			remoteGlobalIDString = "ReactiveTask::ReactiveTask";
			remoteInfo = ReactiveTask;
		};
		E7C0419F20CA56F6001C949C /* PBXContainerItemProxy */ = {
			isa = PBXContainerItemProxy;
			containerPortal = OBJ_1 /* Project object */;
			proxyType = 1;
			remoteGlobalIDString = "ReactiveSwift::ReactiveSwift";
			remoteInfo = ReactiveSwift;
		};
		E7C041A020CA56F6001C949C /* PBXContainerItemProxy */ = {
			isa = PBXContainerItemProxy;
			containerPortal = OBJ_1 /* Project object */;
			proxyType = 1;
			remoteGlobalIDString = "Result::Result";
			remoteInfo = Result;
		};
		E7C041A120CA56F6001C949C /* PBXContainerItemProxy */ = {
			isa = PBXContainerItemProxy;
			containerPortal = OBJ_1 /* Project object */;
			proxyType = 1;
			remoteGlobalIDString = "Donut::DonutKit";
			remoteInfo = DonutKit;
		};
		E7C041A220CA56FA001C949C /* PBXContainerItemProxy */ = {
			isa = PBXContainerItemProxy;
			containerPortal = OBJ_1 /* Project object */;
			proxyType = 1;
			remoteGlobalIDString = "Donut::DonutTests";
			remoteInfo = DonutTests;
		};
		E7C041A320CA56FA001C949C /* PBXContainerItemProxy */ = {
			isa = PBXContainerItemProxy;
			containerPortal = OBJ_1 /* Project object */;
			proxyType = 1;
			remoteGlobalIDString = "Donut::Donut";
			remoteInfo = Donut;
		};
/* End PBXContainerItemProxy section */

/* Begin PBXFileReference section */
		"Commandant::Commandant::Product" /* Commandant.framework */ = {isa = PBXFileReference; explicitFileType = wrapper.framework; path = Commandant.framework; sourceTree = BUILT_PRODUCTS_DIR; };
		"Curry::Curry::Product" /* Curry.framework */ = {isa = PBXFileReference; explicitFileType = wrapper.framework; path = Curry.framework; sourceTree = BUILT_PRODUCTS_DIR; };
		"Donut::Donut::Product" /* Donut */ = {isa = PBXFileReference; lastKnownFileType = text; path = Donut; sourceTree = BUILT_PRODUCTS_DIR; };
		"Donut::DonutKit::Product" /* DonutKit.framework */ = {isa = PBXFileReference; explicitFileType = wrapper.framework; path = DonutKit.framework; sourceTree = BUILT_PRODUCTS_DIR; };
		"Donut::DonutTests::Product" /* DonutTests.xctest */ = {isa = PBXFileReference; lastKnownFileType = file; path = DonutTests.xctest; sourceTree = BUILT_PRODUCTS_DIR; };
		OBJ_10 /* Git.swift */ = {isa = PBXFileReference; lastKnownFileType = sourcecode.swift; path = Git.swift; sourceTree = "<group>"; };
		OBJ_11 /* SemanticVersion.swift */ = {isa = PBXFileReference; lastKnownFileType = sourcecode.swift; path = SemanticVersion.swift; sourceTree = "<group>"; };
		OBJ_12 /* Template.swift */ = {isa = PBXFileReference; lastKnownFileType = sourcecode.swift; path = Template.swift; sourceTree = "<group>"; };
		OBJ_13 /* TemplateDirectory.swift */ = {isa = PBXFileReference; lastKnownFileType = sourcecode.swift; path = TemplateDirectory.swift; sourceTree = "<group>"; };
		OBJ_16 /* InstallCommand.swift */ = {isa = PBXFileReference; lastKnownFileType = sourcecode.swift; path = InstallCommand.swift; sourceTree = "<group>"; };
		OBJ_17 /* ListCommand.swift */ = {isa = PBXFileReference; lastKnownFileType = sourcecode.swift; path = ListCommand.swift; sourceTree = "<group>"; };
		OBJ_18 /* VersionCommand.swift */ = {isa = PBXFileReference; lastKnownFileType = sourcecode.swift; path = VersionCommand.swift; sourceTree = "<group>"; };
		OBJ_19 /* main.swift */ = {isa = PBXFileReference; lastKnownFileType = sourcecode.swift; path = main.swift; sourceTree = "<group>"; };
		OBJ_21 /* TemplateDirectoryTests.swift */ = {isa = PBXFileReference; lastKnownFileType = sourcecode.swift; path = TemplateDirectoryTests.swift; sourceTree = "<group>"; };
		OBJ_24 /* Package.swift */ = {isa = PBXFileReference; explicitFileType = sourcecode.swift; name = Package.swift; path = "/Users/AtsuyaSato/Desktop/Donut/.build/checkouts/Curry.git-7507656763410610606/Package.swift"; sourceTree = "<group>"; };
		OBJ_25 /* Curry.swift */ = {isa = PBXFileReference; lastKnownFileType = sourcecode.swift; path = Curry.swift; sourceTree = "<group>"; };
		OBJ_28 /* Argument.swift */ = {isa = PBXFileReference; lastKnownFileType = sourcecode.swift; path = Argument.swift; sourceTree = "<group>"; };
		OBJ_29 /* ArgumentParser.swift */ = {isa = PBXFileReference; lastKnownFileType = sourcecode.swift; path = ArgumentParser.swift; sourceTree = "<group>"; };
		OBJ_30 /* ArgumentProtocol.swift */ = {isa = PBXFileReference; lastKnownFileType = sourcecode.swift; path = ArgumentProtocol.swift; sourceTree = "<group>"; };
		OBJ_31 /* Command.swift */ = {isa = PBXFileReference; lastKnownFileType = sourcecode.swift; path = Command.swift; sourceTree = "<group>"; };
		OBJ_32 /* Errors.swift */ = {isa = PBXFileReference; lastKnownFileType = sourcecode.swift; path = Errors.swift; sourceTree = "<group>"; };
		OBJ_33 /* HelpCommand.swift */ = {isa = PBXFileReference; lastKnownFileType = sourcecode.swift; path = HelpCommand.swift; sourceTree = "<group>"; };
		OBJ_34 /* Option.swift */ = {isa = PBXFileReference; lastKnownFileType = sourcecode.swift; path = Option.swift; sourceTree = "<group>"; };
		OBJ_35 /* OrderedSet.swift */ = {isa = PBXFileReference; lastKnownFileType = sourcecode.swift; path = OrderedSet.swift; sourceTree = "<group>"; };
		OBJ_36 /* Switch.swift */ = {isa = PBXFileReference; lastKnownFileType = sourcecode.swift; path = Switch.swift; sourceTree = "<group>"; };
		OBJ_37 /* Package.swift */ = {isa = PBXFileReference; explicitFileType = sourcecode.swift; name = Package.swift; path = "/Users/AtsuyaSato/Desktop/Donut/.build/checkouts/Commandant.git-3062511658102057207/Package.swift"; sourceTree = "<group>"; };
		OBJ_39 /* Package.swift */ = {isa = PBXFileReference; explicitFileType = sourcecode.swift; name = Package.swift; path = "/Users/AtsuyaSato/Desktop/Donut/.build/checkouts/ReactiveTask.git--7769101310086521155/Package.swift"; sourceTree = "<group>"; };
		OBJ_40 /* Availability.swift */ = {isa = PBXFileReference; lastKnownFileType = sourcecode.swift; path = Availability.swift; sourceTree = "<group>"; };
		OBJ_41 /* Errors.swift */ = {isa = PBXFileReference; lastKnownFileType = sourcecode.swift; path = Errors.swift; sourceTree = "<group>"; };
		OBJ_42 /* Task.swift */ = {isa = PBXFileReference; lastKnownFileType = sourcecode.swift; path = Task.swift; sourceTree = "<group>"; };
		OBJ_44 /* Package.swift */ = {isa = PBXFileReference; explicitFileType = sourcecode.swift; name = Package.swift; path = "/Users/AtsuyaSato/Desktop/Donut/.build/checkouts/ReactiveSwift.git-5417491714505190452/Package.swift"; sourceTree = "<group>"; };
		OBJ_45 /* Action.swift */ = {isa = PBXFileReference; lastKnownFileType = sourcecode.swift; path = Action.swift; sourceTree = "<group>"; };
		OBJ_46 /* Atomic.swift */ = {isa = PBXFileReference; lastKnownFileType = sourcecode.swift; path = Atomic.swift; sourceTree = "<group>"; };
		OBJ_47 /* Bag.swift */ = {isa = PBXFileReference; lastKnownFileType = sourcecode.swift; path = Bag.swift; sourceTree = "<group>"; };
		OBJ_48 /* Deprecations+Removals.swift */ = {isa = PBXFileReference; lastKnownFileType = sourcecode.swift; path = "Deprecations+Removals.swift"; sourceTree = "<group>"; };
		OBJ_49 /* Disposable.swift */ = {isa = PBXFileReference; lastKnownFileType = sourcecode.swift; path = Disposable.swift; sourceTree = "<group>"; };
		OBJ_50 /* Event.swift */ = {isa = PBXFileReference; lastKnownFileType = sourcecode.swift; path = Event.swift; sourceTree = "<group>"; };
		OBJ_51 /* EventLogger.swift */ = {isa = PBXFileReference; lastKnownFileType = sourcecode.swift; path = EventLogger.swift; sourceTree = "<group>"; };
		OBJ_52 /* Flatten.swift */ = {isa = PBXFileReference; lastKnownFileType = sourcecode.swift; path = Flatten.swift; sourceTree = "<group>"; };
		OBJ_53 /* FoundationExtensions.swift */ = {isa = PBXFileReference; lastKnownFileType = sourcecode.swift; path = FoundationExtensions.swift; sourceTree = "<group>"; };
		OBJ_54 /* Lifetime.swift */ = {isa = PBXFileReference; lastKnownFileType = sourcecode.swift; path = Lifetime.swift; sourceTree = "<group>"; };
		OBJ_55 /* Observer.swift */ = {isa = PBXFileReference; lastKnownFileType = sourcecode.swift; path = Observer.swift; sourceTree = "<group>"; };
		OBJ_56 /* Optional.swift */ = {isa = PBXFileReference; lastKnownFileType = sourcecode.swift; path = Optional.swift; sourceTree = "<group>"; };
		OBJ_57 /* Property.swift */ = {isa = PBXFileReference; lastKnownFileType = sourcecode.swift; path = Property.swift; sourceTree = "<group>"; };
		OBJ_58 /* Reactive.swift */ = {isa = PBXFileReference; lastKnownFileType = sourcecode.swift; path = Reactive.swift; sourceTree = "<group>"; };
		OBJ_59 /* ResultExtensions.swift */ = {isa = PBXFileReference; lastKnownFileType = sourcecode.swift; path = ResultExtensions.swift; sourceTree = "<group>"; };
		OBJ_6 /* Package.swift */ = {isa = PBXFileReference; explicitFileType = sourcecode.swift; path = Package.swift; sourceTree = "<group>"; };
		OBJ_60 /* Scheduler.swift */ = {isa = PBXFileReference; lastKnownFileType = sourcecode.swift; path = Scheduler.swift; sourceTree = "<group>"; };
		OBJ_61 /* Signal.swift */ = {isa = PBXFileReference; lastKnownFileType = sourcecode.swift; path = Signal.swift; sourceTree = "<group>"; };
		OBJ_62 /* SignalProducer.swift */ = {isa = PBXFileReference; lastKnownFileType = sourcecode.swift; path = SignalProducer.swift; sourceTree = "<group>"; };
		OBJ_63 /* UnidirectionalBinding.swift */ = {isa = PBXFileReference; lastKnownFileType = sourcecode.swift; path = UnidirectionalBinding.swift; sourceTree = "<group>"; };
		OBJ_64 /* UninhabitedTypeGuards.swift */ = {isa = PBXFileReference; lastKnownFileType = sourcecode.swift; path = UninhabitedTypeGuards.swift; sourceTree = "<group>"; };
		OBJ_65 /* ValidatingProperty.swift */ = {isa = PBXFileReference; lastKnownFileType = sourcecode.swift; path = ValidatingProperty.swift; sourceTree = "<group>"; };
		OBJ_68 /* Result.swift */ = {isa = PBXFileReference; lastKnownFileType = sourcecode.swift; path = Result.swift; sourceTree = "<group>"; };
		OBJ_69 /* ResultProtocol.swift */ = {isa = PBXFileReference; lastKnownFileType = sourcecode.swift; path = ResultProtocol.swift; sourceTree = "<group>"; };
		OBJ_70 /* Package.swift */ = {isa = PBXFileReference; explicitFileType = sourcecode.swift; name = Package.swift; path = "/Users/AtsuyaSato/Desktop/Donut/.build/checkouts/Result.git-8684547452332391156/Package.swift"; sourceTree = "<group>"; };
		OBJ_9 /* DonutErrors.swift */ = {isa = PBXFileReference; lastKnownFileType = sourcecode.swift; path = DonutErrors.swift; sourceTree = "<group>"; };
		"ReactiveSwift::ReactiveSwift::Product" /* ReactiveSwift.framework */ = {isa = PBXFileReference; explicitFileType = wrapper.framework; path = ReactiveSwift.framework; sourceTree = BUILT_PRODUCTS_DIR; };
		"ReactiveTask::ReactiveTask::Product" /* ReactiveTask.framework */ = {isa = PBXFileReference; explicitFileType = wrapper.framework; path = ReactiveTask.framework; sourceTree = BUILT_PRODUCTS_DIR; };
		"Result::Result::Product" /* Result.framework */ = {isa = PBXFileReference; explicitFileType = wrapper.framework; path = Result.framework; sourceTree = BUILT_PRODUCTS_DIR; };
/* End PBXFileReference section */

/* Begin PBXFrameworksBuildPhase section */
		OBJ_110 /* Frameworks */ = {
			isa = PBXFrameworksBuildPhase;
			buildActionMask = 0;
			files = (
			);
			runOnlyForDeploymentPostprocessing = 0;
		};
		OBJ_126 /* Frameworks */ = {
			isa = PBXFrameworksBuildPhase;
			buildActionMask = 0;
			files = (
				OBJ_127 /* Curry.framework in Frameworks */,
				OBJ_128 /* Commandant.framework in Frameworks */,
				OBJ_129 /* ReactiveTask.framework in Frameworks */,
				OBJ_130 /* ReactiveSwift.framework in Frameworks */,
				OBJ_131 /* Result.framework in Frameworks */,
				OBJ_132 /* DonutKit.framework in Frameworks */,
			);
			runOnlyForDeploymentPostprocessing = 0;
		};
		OBJ_151 /* Frameworks */ = {
			isa = PBXFrameworksBuildPhase;
			buildActionMask = 0;
			files = (
			);
			runOnlyForDeploymentPostprocessing = 0;
		};
		OBJ_169 /* Frameworks */ = {
			isa = PBXFrameworksBuildPhase;
			buildActionMask = 0;
			files = (
				OBJ_170 /* Curry.framework in Frameworks */,
				OBJ_171 /* Commandant.framework in Frameworks */,
				OBJ_172 /* ReactiveTask.framework in Frameworks */,
				OBJ_173 /* ReactiveSwift.framework in Frameworks */,
				OBJ_174 /* Result.framework in Frameworks */,
				OBJ_175 /* DonutKit.framework in Frameworks */,
			);
			runOnlyForDeploymentPostprocessing = 0;
		};
		OBJ_208 /* Frameworks */ = {
			isa = PBXFrameworksBuildPhase;
			buildActionMask = 0;
			files = (
				OBJ_209 /* Result.framework in Frameworks */,
			);
			runOnlyForDeploymentPostprocessing = 0;
		};
		OBJ_224 /* Frameworks */ = {
			isa = PBXFrameworksBuildPhase;
			buildActionMask = 0;
			files = (
				OBJ_225 /* ReactiveSwift.framework in Frameworks */,
				OBJ_226 /* Result.framework in Frameworks */,
			);
			runOnlyForDeploymentPostprocessing = 0;
		};
		OBJ_241 /* Frameworks */ = {
			isa = PBXFrameworksBuildPhase;
			buildActionMask = 0;
			files = (
			);
			runOnlyForDeploymentPostprocessing = 0;
		};
		OBJ_94 /* Frameworks */ = {
			isa = PBXFrameworksBuildPhase;
			buildActionMask = 0;
			files = (
				OBJ_95 /* Result.framework in Frameworks */,
			);
			runOnlyForDeploymentPostprocessing = 0;
		};
/* End PBXFrameworksBuildPhase section */

/* Begin PBXGroup section */
		OBJ_14 /* Donut */ = {
			isa = PBXGroup;
			children = (
				OBJ_15 /* Commands */,
				OBJ_19 /* main.swift */,
			);
			name = Donut;
			path = Sources/Donut;
			sourceTree = SOURCE_ROOT;
		};
		OBJ_15 /* Commands */ = {
			isa = PBXGroup;
			children = (
				OBJ_16 /* InstallCommand.swift */,
				OBJ_17 /* ListCommand.swift */,
				OBJ_18 /* VersionCommand.swift */,
			);
			path = Commands;
			sourceTree = "<group>";
		};
		OBJ_20 /* Tests */ = {
			isa = PBXGroup;
			children = (
				OBJ_21 /* TemplateDirectoryTests.swift */,
			);
			path = Tests;
			sourceTree = SOURCE_ROOT;
		};
		OBJ_22 /* Dependencies */ = {
			isa = PBXGroup;
			children = (
				OBJ_23 /* Curry 4.0.1 */,
				OBJ_26 /* Commandant 0.13.0 */,
				OBJ_38 /* ReactiveTask 0.14.0 */,
				OBJ_43 /* ReactiveSwift 3.1.0 */,
				OBJ_66 /* Result 3.2.4 */,
			);
			name = Dependencies;
			sourceTree = "<group>";
		};
		OBJ_23 /* Curry 4.0.1 */ = {
			isa = PBXGroup;
			children = (
				OBJ_24 /* Package.swift */,
				OBJ_25 /* Curry.swift */,
			);
			name = "Curry 4.0.1";
			path = ".build/checkouts/Curry.git-7507656763410610606/Source";
			sourceTree = SOURCE_ROOT;
		};
		OBJ_26 /* Commandant 0.13.0 */ = {
			isa = PBXGroup;
			children = (
				OBJ_27 /* Commandant */,
				OBJ_37 /* Package.swift */,
			);
			name = "Commandant 0.13.0";
			sourceTree = SOURCE_ROOT;
		};
		OBJ_27 /* Commandant */ = {
			isa = PBXGroup;
			children = (
				OBJ_28 /* Argument.swift */,
				OBJ_29 /* ArgumentParser.swift */,
				OBJ_30 /* ArgumentProtocol.swift */,
				OBJ_31 /* Command.swift */,
				OBJ_32 /* Errors.swift */,
				OBJ_33 /* HelpCommand.swift */,
				OBJ_34 /* Option.swift */,
				OBJ_35 /* OrderedSet.swift */,
				OBJ_36 /* Switch.swift */,
			);
			name = Commandant;
			path = ".build/checkouts/Commandant.git-3062511658102057207/Sources/Commandant";
			sourceTree = SOURCE_ROOT;
		};
		OBJ_38 /* ReactiveTask 0.14.0 */ = {
			isa = PBXGroup;
			children = (
				OBJ_39 /* Package.swift */,
				OBJ_40 /* Availability.swift */,
				OBJ_41 /* Errors.swift */,
				OBJ_42 /* Task.swift */,
			);
			name = "ReactiveTask 0.14.0";
			path = ".build/checkouts/ReactiveTask.git--7769101310086521155/Sources";
			sourceTree = SOURCE_ROOT;
		};
		OBJ_43 /* ReactiveSwift 3.1.0 */ = {
			isa = PBXGroup;
			children = (
				OBJ_44 /* Package.swift */,
				OBJ_45 /* Action.swift */,
				OBJ_46 /* Atomic.swift */,
				OBJ_47 /* Bag.swift */,
				OBJ_48 /* Deprecations+Removals.swift */,
				OBJ_49 /* Disposable.swift */,
				OBJ_50 /* Event.swift */,
				OBJ_51 /* EventLogger.swift */,
				OBJ_52 /* Flatten.swift */,
				OBJ_53 /* FoundationExtensions.swift */,
				OBJ_54 /* Lifetime.swift */,
				OBJ_55 /* Observer.swift */,
				OBJ_56 /* Optional.swift */,
				OBJ_57 /* Property.swift */,
				OBJ_58 /* Reactive.swift */,
				OBJ_59 /* ResultExtensions.swift */,
				OBJ_60 /* Scheduler.swift */,
				OBJ_61 /* Signal.swift */,
				OBJ_62 /* SignalProducer.swift */,
				OBJ_63 /* UnidirectionalBinding.swift */,
				OBJ_64 /* UninhabitedTypeGuards.swift */,
				OBJ_65 /* ValidatingProperty.swift */,
			);
			name = "ReactiveSwift 3.1.0";
			path = ".build/checkouts/ReactiveSwift.git-5417491714505190452/Sources";
			sourceTree = SOURCE_ROOT;
		};
		OBJ_5 /*  */ = {
			isa = PBXGroup;
			children = (
				OBJ_6 /* Package.swift */,
				OBJ_7 /* Sources */,
				OBJ_20 /* Tests */,
				OBJ_22 /* Dependencies */,
				OBJ_71 /* Products */,
			);
			name = "";
			sourceTree = "<group>";
		};
		OBJ_66 /* Result 3.2.4 */ = {
			isa = PBXGroup;
			children = (
				OBJ_67 /* Result */,
				OBJ_70 /* Package.swift */,
			);
			name = "Result 3.2.4";
			sourceTree = SOURCE_ROOT;
		};
		OBJ_67 /* Result */ = {
			isa = PBXGroup;
			children = (
				OBJ_68 /* Result.swift */,
				OBJ_69 /* ResultProtocol.swift */,
			);
			name = Result;
			path = ".build/checkouts/Result.git-8684547452332391156/Result";
			sourceTree = SOURCE_ROOT;
		};
		OBJ_7 /* Sources */ = {
			isa = PBXGroup;
			children = (
				OBJ_8 /* DonutKit */,
				OBJ_14 /* Donut */,
			);
			name = Sources;
			sourceTree = SOURCE_ROOT;
		};
		OBJ_71 /* Products */ = {
			isa = PBXGroup;
			children = (
				"Donut::Donut::Product" /* Donut */,
				"Result::Result::Product" /* Result.framework */,
				"Curry::Curry::Product" /* Curry.framework */,
				"ReactiveTask::ReactiveTask::Product" /* ReactiveTask.framework */,
				"Donut::DonutKit::Product" /* DonutKit.framework */,
				"Commandant::Commandant::Product" /* Commandant.framework */,
				"Donut::DonutTests::Product" /* DonutTests.xctest */,
				"ReactiveSwift::ReactiveSwift::Product" /* ReactiveSwift.framework */,
			);
			name = Products;
			sourceTree = BUILT_PRODUCTS_DIR;
		};
		OBJ_8 /* DonutKit */ = {
			isa = PBXGroup;
			children = (
				OBJ_9 /* DonutErrors.swift */,
				OBJ_10 /* Git.swift */,
				OBJ_11 /* SemanticVersion.swift */,
				OBJ_12 /* Template.swift */,
				OBJ_13 /* TemplateDirectory.swift */,
			);
			name = DonutKit;
			path = Sources/DonutKit;
			sourceTree = SOURCE_ROOT;
		};
/* End PBXGroup section */

/* Begin PBXNativeTarget section */
		"Commandant::Commandant" /* Commandant */ = {
			isa = PBXNativeTarget;
			buildConfigurationList = OBJ_81 /* Build configuration list for PBXNativeTarget "Commandant" */;
			buildPhases = (
				OBJ_84 /* Sources */,
				OBJ_94 /* Frameworks */,
			);
			buildRules = (
			);
			dependencies = (
				OBJ_96 /* PBXTargetDependency */,
			);
			name = Commandant;
			productName = Commandant;
			productReference = "Commandant::Commandant::Product" /* Commandant.framework */;
			productType = "com.apple.product-type.framework";
		};
		"Commandant::SwiftPMPackageDescription" /* CommandantPackageDescription */ = {
			isa = PBXNativeTarget;
			buildConfigurationList = OBJ_99 /* Build configuration list for PBXNativeTarget "CommandantPackageDescription" */;
			buildPhases = (
				OBJ_102 /* Sources */,
			);
			buildRules = (
			);
			dependencies = (
			);
			name = CommandantPackageDescription;
			productName = CommandantPackageDescription;
			productType = "com.apple.product-type.framework";
		};
		"Curry::Curry" /* Curry */ = {
			isa = PBXNativeTarget;
			buildConfigurationList = OBJ_105 /* Build configuration list for PBXNativeTarget "Curry" */;
			buildPhases = (
				OBJ_108 /* Sources */,
				OBJ_110 /* Frameworks */,
			);
			buildRules = (
			);
			dependencies = (
			);
			name = Curry;
			productName = Curry;
			productReference = "Curry::Curry::Product" /* Curry.framework */;
			productType = "com.apple.product-type.framework";
		};
		"Curry::SwiftPMPackageDescription" /* CurryPackageDescription */ = {
			isa = PBXNativeTarget;
			buildConfigurationList = OBJ_112 /* Build configuration list for PBXNativeTarget "CurryPackageDescription" */;
			buildPhases = (
				OBJ_115 /* Sources */,
			);
			buildRules = (
			);
			dependencies = (
			);
			name = CurryPackageDescription;
			productName = CurryPackageDescription;
			productType = "com.apple.product-type.framework";
		};
		"Donut::Donut" /* Donut */ = {
			isa = PBXNativeTarget;
			buildConfigurationList = OBJ_118 /* Build configuration list for PBXNativeTarget "Donut" */;
			buildPhases = (
				OBJ_121 /* Sources */,
				OBJ_126 /* Frameworks */,
			);
			buildRules = (
			);
			dependencies = (
				OBJ_133 /* PBXTargetDependency */,
				OBJ_134 /* PBXTargetDependency */,
				OBJ_135 /* PBXTargetDependency */,
				OBJ_137 /* PBXTargetDependency */,
				OBJ_139 /* PBXTargetDependency */,
				OBJ_140 /* PBXTargetDependency */,
			);
			name = Donut;
			productName = Donut;
			productReference = "Donut::Donut::Product" /* Donut */;
			productType = "com.apple.product-type.tool";
		};
		"Donut::DonutKit" /* DonutKit */ = {
			isa = PBXNativeTarget;
			buildConfigurationList = OBJ_142 /* Build configuration list for PBXNativeTarget "DonutKit" */;
			buildPhases = (
				OBJ_145 /* Sources */,
				OBJ_151 /* Frameworks */,
			);
			buildRules = (
			);
			dependencies = (
			);
			name = DonutKit;
			productName = DonutKit;
			productReference = "Donut::DonutKit::Product" /* DonutKit.framework */;
			productType = "com.apple.product-type.framework";
		};
		"Donut::DonutTests" /* DonutTests */ = {
			isa = PBXNativeTarget;
			buildConfigurationList = OBJ_164 /* Build configuration list for PBXNativeTarget "DonutTests" */;
			buildPhases = (
				OBJ_167 /* Sources */,
				OBJ_169 /* Frameworks */,
			);
			buildRules = (
			);
			dependencies = (
				OBJ_176 /* PBXTargetDependency */,
				OBJ_177 /* PBXTargetDependency */,
				OBJ_178 /* PBXTargetDependency */,
				OBJ_179 /* PBXTargetDependency */,
				OBJ_180 /* PBXTargetDependency */,
				OBJ_181 /* PBXTargetDependency */,
				OBJ_182 /* PBXTargetDependency */,
			);
			name = DonutTests;
			productName = DonutTests;
			productReference = "Donut::DonutTests::Product" /* DonutTests.xctest */;
			productType = "com.apple.product-type.bundle.unit-test";
		};
		"Donut::SwiftPMPackageDescription" /* DonutPackageDescription */ = {
			isa = PBXNativeTarget;
			buildConfigurationList = OBJ_153 /* Build configuration list for PBXNativeTarget "DonutPackageDescription" */;
			buildPhases = (
				OBJ_156 /* Sources */,
			);
			buildRules = (
			);
			dependencies = (
			);
			name = DonutPackageDescription;
			productName = DonutPackageDescription;
			productType = "com.apple.product-type.framework";
		};
		"ReactiveSwift::ReactiveSwift" /* ReactiveSwift */ = {
			isa = PBXNativeTarget;
			buildConfigurationList = OBJ_183 /* Build configuration list for PBXNativeTarget "ReactiveSwift" */;
			buildPhases = (
				OBJ_186 /* Sources */,
				OBJ_208 /* Frameworks */,
			);
			buildRules = (
			);
			dependencies = (
				OBJ_210 /* PBXTargetDependency */,
			);
			name = ReactiveSwift;
			productName = ReactiveSwift;
			productReference = "ReactiveSwift::ReactiveSwift::Product" /* ReactiveSwift.framework */;
			productType = "com.apple.product-type.framework";
		};
		"ReactiveSwift::SwiftPMPackageDescription" /* ReactiveSwiftPackageDescription */ = {
			isa = PBXNativeTarget;
			buildConfigurationList = OBJ_212 /* Build configuration list for PBXNativeTarget "ReactiveSwiftPackageDescription" */;
			buildPhases = (
				OBJ_215 /* Sources */,
			);
			buildRules = (
			);
			dependencies = (
			);
			name = ReactiveSwiftPackageDescription;
			productName = ReactiveSwiftPackageDescription;
			productType = "com.apple.product-type.framework";
		};
		"ReactiveTask::ReactiveTask" /* ReactiveTask */ = {
			isa = PBXNativeTarget;
			buildConfigurationList = OBJ_217 /* Build configuration list for PBXNativeTarget "ReactiveTask" */;
			buildPhases = (
				OBJ_220 /* Sources */,
				OBJ_224 /* Frameworks */,
			);
			buildRules = (
			);
			dependencies = (
				OBJ_227 /* PBXTargetDependency */,
				OBJ_228 /* PBXTargetDependency */,
			);
			name = ReactiveTask;
			productName = ReactiveTask;
			productReference = "ReactiveTask::ReactiveTask::Product" /* ReactiveTask.framework */;
			productType = "com.apple.product-type.framework";
		};
		"ReactiveTask::SwiftPMPackageDescription" /* ReactiveTaskPackageDescription */ = {
			isa = PBXNativeTarget;
			buildConfigurationList = OBJ_230 /* Build configuration list for PBXNativeTarget "ReactiveTaskPackageDescription" */;
			buildPhases = (
				OBJ_233 /* Sources */,
			);
			buildRules = (
			);
			dependencies = (
			);
			name = ReactiveTaskPackageDescription;
			productName = ReactiveTaskPackageDescription;
			productType = "com.apple.product-type.framework";
		};
		"Result::Result" /* Result */ = {
			isa = PBXNativeTarget;
			buildConfigurationList = OBJ_235 /* Build configuration list for PBXNativeTarget "Result" */;
			buildPhases = (
				OBJ_238 /* Sources */,
				OBJ_241 /* Frameworks */,
			);
			buildRules = (
			);
			dependencies = (
			);
			name = Result;
			productName = Result;
			productReference = "Result::Result::Product" /* Result.framework */;
			productType = "com.apple.product-type.framework";
		};
		"Result::SwiftPMPackageDescription" /* ResultPackageDescription */ = {
			isa = PBXNativeTarget;
			buildConfigurationList = OBJ_243 /* Build configuration list for PBXNativeTarget "ResultPackageDescription" */;
			buildPhases = (
				OBJ_246 /* Sources */,
			);
			buildRules = (
			);
			dependencies = (
			);
			name = ResultPackageDescription;
			productName = ResultPackageDescription;
			productType = "com.apple.product-type.framework";
		};
/* End PBXNativeTarget section */

/* Begin PBXProject section */
		OBJ_1 /* Project object */ = {
			isa = PBXProject;
			attributes = {
				LastUpgradeCheck = 9999;
			};
			buildConfigurationList = OBJ_2 /* Build configuration list for PBXProject "Donut" */;
			compatibilityVersion = "Xcode 3.2";
			developmentRegion = English;
			hasScannedForEncodings = 0;
			knownRegions = (
				en,
			);
			mainGroup = OBJ_5 /*  */;
			productRefGroup = OBJ_71 /* Products */;
			projectDirPath = "";
			projectRoot = "";
			targets = (
				"Commandant::Commandant" /* Commandant */,
				"Commandant::SwiftPMPackageDescription" /* CommandantPackageDescription */,
				"Curry::Curry" /* Curry */,
				"Curry::SwiftPMPackageDescription" /* CurryPackageDescription */,
				"Donut::Donut" /* Donut */,
				"Donut::DonutKit" /* DonutKit */,
				"Donut::SwiftPMPackageDescription" /* DonutPackageDescription */,
				"Donut::DonutPackageTests::ProductTarget" /* DonutPackageTests */,
				"Donut::DonutTests" /* DonutTests */,
				"ReactiveSwift::ReactiveSwift" /* ReactiveSwift */,
				"ReactiveSwift::SwiftPMPackageDescription" /* ReactiveSwiftPackageDescription */,
				"ReactiveTask::ReactiveTask" /* ReactiveTask */,
				"ReactiveTask::SwiftPMPackageDescription" /* ReactiveTaskPackageDescription */,
				"Result::Result" /* Result */,
				"Result::SwiftPMPackageDescription" /* ResultPackageDescription */,
				"Donut::donut::ProductTarget" /* donut */,
			);
		};
/* End PBXProject section */

/* Begin PBXSourcesBuildPhase section */
		OBJ_102 /* Sources */ = {
			isa = PBXSourcesBuildPhase;
			buildActionMask = 0;
			files = (
				OBJ_103 /* Package.swift in Sources */,
			);
			runOnlyForDeploymentPostprocessing = 0;
		};
		OBJ_108 /* Sources */ = {
			isa = PBXSourcesBuildPhase;
			buildActionMask = 0;
			files = (
				OBJ_109 /* Curry.swift in Sources */,
			);
			runOnlyForDeploymentPostprocessing = 0;
		};
		OBJ_115 /* Sources */ = {
			isa = PBXSourcesBuildPhase;
			buildActionMask = 0;
			files = (
				OBJ_116 /* Package.swift in Sources */,
			);
			runOnlyForDeploymentPostprocessing = 0;
		};
		OBJ_121 /* Sources */ = {
			isa = PBXSourcesBuildPhase;
			buildActionMask = 0;
			files = (
				OBJ_122 /* InstallCommand.swift in Sources */,
				OBJ_123 /* ListCommand.swift in Sources */,
				OBJ_124 /* VersionCommand.swift in Sources */,
				OBJ_125 /* main.swift in Sources */,
			);
			runOnlyForDeploymentPostprocessing = 0;
		};
		OBJ_145 /* Sources */ = {
			isa = PBXSourcesBuildPhase;
			buildActionMask = 0;
			files = (
				OBJ_146 /* DonutErrors.swift in Sources */,
				OBJ_147 /* Git.swift in Sources */,
				OBJ_148 /* SemanticVersion.swift in Sources */,
				OBJ_149 /* Template.swift in Sources */,
				OBJ_150 /* TemplateDirectory.swift in Sources */,
			);
			runOnlyForDeploymentPostprocessing = 0;
		};
		OBJ_156 /* Sources */ = {
			isa = PBXSourcesBuildPhase;
			buildActionMask = 0;
			files = (
				OBJ_157 /* Package.swift in Sources */,
			);
			runOnlyForDeploymentPostprocessing = 0;
		};
		OBJ_167 /* Sources */ = {
			isa = PBXSourcesBuildPhase;
			buildActionMask = 0;
			files = (
				OBJ_168 /* TemplateDirectoryTests.swift in Sources */,
			);
			runOnlyForDeploymentPostprocessing = 0;
		};
		OBJ_186 /* Sources */ = {
			isa = PBXSourcesBuildPhase;
			buildActionMask = 0;
			files = (
				OBJ_187 /* Action.swift in Sources */,
				OBJ_188 /* Atomic.swift in Sources */,
				OBJ_189 /* Bag.swift in Sources */,
				OBJ_190 /* Deprecations+Removals.swift in Sources */,
				OBJ_191 /* Disposable.swift in Sources */,
				OBJ_192 /* Event.swift in Sources */,
				OBJ_193 /* EventLogger.swift in Sources */,
				OBJ_194 /* Flatten.swift in Sources */,
				OBJ_195 /* FoundationExtensions.swift in Sources */,
				OBJ_196 /* Lifetime.swift in Sources */,
				OBJ_197 /* Observer.swift in Sources */,
				OBJ_198 /* Optional.swift in Sources */,
				OBJ_199 /* Property.swift in Sources */,
				OBJ_200 /* Reactive.swift in Sources */,
				OBJ_201 /* ResultExtensions.swift in Sources */,
				OBJ_202 /* Scheduler.swift in Sources */,
				OBJ_203 /* Signal.swift in Sources */,
				OBJ_204 /* SignalProducer.swift in Sources */,
				OBJ_205 /* UnidirectionalBinding.swift in Sources */,
				OBJ_206 /* UninhabitedTypeGuards.swift in Sources */,
				OBJ_207 /* ValidatingProperty.swift in Sources */,
			);
			runOnlyForDeploymentPostprocessing = 0;
		};
		OBJ_215 /* Sources */ = {
			isa = PBXSourcesBuildPhase;
			buildActionMask = 0;
			files = (
				OBJ_216 /* Package.swift in Sources */,
			);
			runOnlyForDeploymentPostprocessing = 0;
		};
		OBJ_220 /* Sources */ = {
			isa = PBXSourcesBuildPhase;
			buildActionMask = 0;
			files = (
				OBJ_221 /* Availability.swift in Sources */,
				OBJ_222 /* Errors.swift in Sources */,
				OBJ_223 /* Task.swift in Sources */,
			);
			runOnlyForDeploymentPostprocessing = 0;
		};
		OBJ_233 /* Sources */ = {
			isa = PBXSourcesBuildPhase;
			buildActionMask = 0;
			files = (
				OBJ_234 /* Package.swift in Sources */,
			);
			runOnlyForDeploymentPostprocessing = 0;
		};
		OBJ_238 /* Sources */ = {
			isa = PBXSourcesBuildPhase;
			buildActionMask = 0;
			files = (
				OBJ_239 /* Result.swift in Sources */,
				OBJ_240 /* ResultProtocol.swift in Sources */,
			);
			runOnlyForDeploymentPostprocessing = 0;
		};
		OBJ_246 /* Sources */ = {
			isa = PBXSourcesBuildPhase;
			buildActionMask = 0;
			files = (
				OBJ_247 /* Package.swift in Sources */,
			);
			runOnlyForDeploymentPostprocessing = 0;
		};
		OBJ_84 /* Sources */ = {
			isa = PBXSourcesBuildPhase;
			buildActionMask = 0;
			files = (
				OBJ_85 /* Argument.swift in Sources */,
				OBJ_86 /* ArgumentParser.swift in Sources */,
				OBJ_87 /* ArgumentProtocol.swift in Sources */,
				OBJ_88 /* Command.swift in Sources */,
				OBJ_89 /* Errors.swift in Sources */,
				OBJ_90 /* HelpCommand.swift in Sources */,
				OBJ_91 /* Option.swift in Sources */,
				OBJ_92 /* OrderedSet.swift in Sources */,
				OBJ_93 /* Switch.swift in Sources */,
			);
			runOnlyForDeploymentPostprocessing = 0;
		};
/* End PBXSourcesBuildPhase section */

/* Begin PBXTargetDependency section */
		OBJ_133 /* PBXTargetDependency */ = {
			isa = PBXTargetDependency;
			target = "Curry::Curry" /* Curry */;
			targetProxy = E7C0419120CA56F6001C949C /* PBXContainerItemProxy */;
		};
		OBJ_134 /* PBXTargetDependency */ = {
			isa = PBXTargetDependency;
			target = "Commandant::Commandant" /* Commandant */;
			targetProxy = E7C0419220CA56F6001C949C /* PBXContainerItemProxy */;
		};
		OBJ_135 /* PBXTargetDependency */ = {
			isa = PBXTargetDependency;
			target = "ReactiveTask::ReactiveTask" /* ReactiveTask */;
			targetProxy = E7C0419420CA56F6001C949C /* PBXContainerItemProxy */;
		};
		OBJ_137 /* PBXTargetDependency */ = {
			isa = PBXTargetDependency;
			target = "ReactiveSwift::ReactiveSwift" /* ReactiveSwift */;
			targetProxy = E7C0419820CA56F6001C949C /* PBXContainerItemProxy */;
		};
		OBJ_139 /* PBXTargetDependency */ = {
			isa = PBXTargetDependency;
			target = "Result::Result" /* Result */;
			targetProxy = E7C0419920CA56F6001C949C /* PBXContainerItemProxy */;
		};
		OBJ_140 /* PBXTargetDependency */ = {
			isa = PBXTargetDependency;
			target = "Donut::DonutKit" /* DonutKit */;
			targetProxy = E7C0419A20CA56F6001C949C /* PBXContainerItemProxy */;
		};
		OBJ_162 /* PBXTargetDependency */ = {
			isa = PBXTargetDependency;
			target = "Donut::DonutTests" /* DonutTests */;
			targetProxy = E7C041A220CA56FA001C949C /* PBXContainerItemProxy */;
		};
		OBJ_176 /* PBXTargetDependency */ = {
			isa = PBXTargetDependency;
			target = "Donut::Donut" /* Donut */;
			targetProxy = E7C0419B20CA56F6001C949C /* PBXContainerItemProxy */;
		};
		OBJ_177 /* PBXTargetDependency */ = {
			isa = PBXTargetDependency;
			target = "Curry::Curry" /* Curry */;
			targetProxy = E7C0419C20CA56F6001C949C /* PBXContainerItemProxy */;
		};
		OBJ_178 /* PBXTargetDependency */ = {
			isa = PBXTargetDependency;
			target = "Commandant::Commandant" /* Commandant */;
			targetProxy = E7C0419D20CA56F6001C949C /* PBXContainerItemProxy */;
		};
		OBJ_179 /* PBXTargetDependency */ = {
			isa = PBXTargetDependency;
			target = "ReactiveTask::ReactiveTask" /* ReactiveTask */;
			targetProxy = E7C0419E20CA56F6001C949C /* PBXContainerItemProxy */;
		};
		OBJ_180 /* PBXTargetDependency */ = {
			isa = PBXTargetDependency;
			target = "ReactiveSwift::ReactiveSwift" /* ReactiveSwift */;
			targetProxy = E7C0419F20CA56F6001C949C /* PBXContainerItemProxy */;
		};
		OBJ_181 /* PBXTargetDependency */ = {
			isa = PBXTargetDependency;
			target = "Result::Result" /* Result */;
			targetProxy = E7C041A020CA56F6001C949C /* PBXContainerItemProxy */;
		};
		OBJ_182 /* PBXTargetDependency */ = {
			isa = PBXTargetDependency;
			target = "Donut::DonutKit" /* DonutKit */;
			targetProxy = E7C041A120CA56F6001C949C /* PBXContainerItemProxy */;
		};
		OBJ_210 /* PBXTargetDependency */ = {
			isa = PBXTargetDependency;
			target = "Result::Result" /* Result */;
			targetProxy = E7C0419620CA56F6001C949C /* PBXContainerItemProxy */;
		};
		OBJ_227 /* PBXTargetDependency */ = {
			isa = PBXTargetDependency;
			target = "ReactiveSwift::ReactiveSwift" /* ReactiveSwift */;
			targetProxy = E7C0419520CA56F6001C949C /* PBXContainerItemProxy */;
		};
		OBJ_228 /* PBXTargetDependency */ = {
			isa = PBXTargetDependency;
			target = "Result::Result" /* Result */;
			targetProxy = E7C0419720CA56F6001C949C /* PBXContainerItemProxy */;
		};
		OBJ_252 /* PBXTargetDependency */ = {
			isa = PBXTargetDependency;
			target = "Donut::Donut" /* Donut */;
			targetProxy = E7C041A320CA56FA001C949C /* PBXContainerItemProxy */;
		};
		OBJ_96 /* PBXTargetDependency */ = {
			isa = PBXTargetDependency;
			target = "Result::Result" /* Result */;
			targetProxy = E7C0419320CA56F6001C949C /* PBXContainerItemProxy */;
		};
/* End PBXTargetDependency section */

/* Begin XCBuildConfiguration section */
		OBJ_100 /* Debug */ = {
			isa = XCBuildConfiguration;
			buildSettings = {
				LD = /usr/bin/true;
				OTHER_SWIFT_FLAGS = "-swift-version 4 -I $(TOOLCHAIN_DIR)/usr/lib/swift/pm/4 -target x86_64-apple-macosx10.10 -sdk /Applications/Xcode.app/Contents/Developer/Platforms/MacOSX.platform/Developer/SDKs/MacOSX10.13.sdk";
				SWIFT_VERSION = 4.0;
			};
			name = Debug;
		};
		OBJ_101 /* Release */ = {
			isa = XCBuildConfiguration;
			buildSettings = {
				LD = /usr/bin/true;
				OTHER_SWIFT_FLAGS = "-swift-version 4 -I $(TOOLCHAIN_DIR)/usr/lib/swift/pm/4 -target x86_64-apple-macosx10.10 -sdk /Applications/Xcode.app/Contents/Developer/Platforms/MacOSX.platform/Developer/SDKs/MacOSX10.13.sdk";
				SWIFT_VERSION = 4.0;
			};
			name = Release;
		};
		OBJ_106 /* Debug */ = {
			isa = XCBuildConfiguration;
			buildSettings = {
				ENABLE_TESTABILITY = YES;
				FRAMEWORK_SEARCH_PATHS = (
					"$(inherited)",
					"$(PLATFORM_DIR)/Developer/Library/Frameworks",
				);
				HEADER_SEARCH_PATHS = "$(inherited)";
				INFOPLIST_FILE = Donut.xcodeproj/Curry_Info.plist;
				LD_RUNPATH_SEARCH_PATHS = "$(inherited) $(TOOLCHAIN_DIR)/usr/lib/swift/macosx";
				OTHER_CFLAGS = "$(inherited)";
				OTHER_LDFLAGS = "$(inherited)";
				OTHER_SWIFT_FLAGS = "$(inherited)";
				PRODUCT_BUNDLE_IDENTIFIER = Curry;
				PRODUCT_MODULE_NAME = "$(TARGET_NAME:c99extidentifier)";
				PRODUCT_NAME = "$(TARGET_NAME:c99extidentifier)";
				SKIP_INSTALL = YES;
				SWIFT_VERSION = 3.0;
				TARGET_NAME = Curry;
			};
			name = Debug;
		};
		OBJ_107 /* Release */ = {
			isa = XCBuildConfiguration;
			buildSettings = {
				ENABLE_TESTABILITY = YES;
				FRAMEWORK_SEARCH_PATHS = (
					"$(inherited)",
					"$(PLATFORM_DIR)/Developer/Library/Frameworks",
				);
				HEADER_SEARCH_PATHS = "$(inherited)";
				INFOPLIST_FILE = Donut.xcodeproj/Curry_Info.plist;
				LD_RUNPATH_SEARCH_PATHS = "$(inherited) $(TOOLCHAIN_DIR)/usr/lib/swift/macosx";
				OTHER_CFLAGS = "$(inherited)";
				OTHER_LDFLAGS = "$(inherited)";
				OTHER_SWIFT_FLAGS = "$(inherited)";
				PRODUCT_BUNDLE_IDENTIFIER = Curry;
				PRODUCT_MODULE_NAME = "$(TARGET_NAME:c99extidentifier)";
				PRODUCT_NAME = "$(TARGET_NAME:c99extidentifier)";
				SKIP_INSTALL = YES;
				SWIFT_VERSION = 3.0;
				TARGET_NAME = Curry;
			};
			name = Release;
		};
		OBJ_113 /* Debug */ = {
			isa = XCBuildConfiguration;
			buildSettings = {
				LD = /usr/bin/true;
				OTHER_SWIFT_FLAGS = "-swift-version 3 -I $(TOOLCHAIN_DIR)/usr/lib/swift/pm/3 -target x86_64-apple-macosx10.10 -sdk /Applications/Xcode.app/Contents/Developer/Platforms/MacOSX.platform/Developer/SDKs/MacOSX10.13.sdk";
				SWIFT_VERSION = 3.0;
			};
			name = Debug;
		};
		OBJ_114 /* Release */ = {
			isa = XCBuildConfiguration;
			buildSettings = {
				LD = /usr/bin/true;
				OTHER_SWIFT_FLAGS = "-swift-version 3 -I $(TOOLCHAIN_DIR)/usr/lib/swift/pm/3 -target x86_64-apple-macosx10.10 -sdk /Applications/Xcode.app/Contents/Developer/Platforms/MacOSX.platform/Developer/SDKs/MacOSX10.13.sdk";
				SWIFT_VERSION = 3.0;
			};
			name = Release;
		};
		OBJ_119 /* Debug */ = {
			isa = XCBuildConfiguration;
			buildSettings = {
				FRAMEWORK_SEARCH_PATHS = (
					"$(inherited)",
					"$(PLATFORM_DIR)/Developer/Library/Frameworks",
				);
				HEADER_SEARCH_PATHS = "$(inherited)";
				INFOPLIST_FILE = Donut.xcodeproj/Donut_Info.plist;
				LD_RUNPATH_SEARCH_PATHS = "$(inherited) $(TOOLCHAIN_DIR)/usr/lib/swift/macosx @executable_path";
				OTHER_CFLAGS = "$(inherited)";
				OTHER_LDFLAGS = "$(inherited)";
				OTHER_SWIFT_FLAGS = "$(inherited)";
				SWIFT_FORCE_DYNAMIC_LINK_STDLIB = YES;
				SWIFT_FORCE_STATIC_LINK_STDLIB = NO;
				SWIFT_VERSION = 4.0;
				TARGET_NAME = Donut;
			};
			name = Debug;
		};
		OBJ_120 /* Release */ = {
			isa = XCBuildConfiguration;
			buildSettings = {
				FRAMEWORK_SEARCH_PATHS = (
					"$(inherited)",
					"$(PLATFORM_DIR)/Developer/Library/Frameworks",
				);
				HEADER_SEARCH_PATHS = "$(inherited)";
				INFOPLIST_FILE = Donut.xcodeproj/Donut_Info.plist;
				LD_RUNPATH_SEARCH_PATHS = "$(inherited) $(TOOLCHAIN_DIR)/usr/lib/swift/macosx @executable_path";
				OTHER_CFLAGS = "$(inherited)";
				OTHER_LDFLAGS = "$(inherited)";
				OTHER_SWIFT_FLAGS = "$(inherited)";
				SWIFT_FORCE_DYNAMIC_LINK_STDLIB = YES;
				SWIFT_FORCE_STATIC_LINK_STDLIB = NO;
				SWIFT_VERSION = 4.0;
				TARGET_NAME = Donut;
			};
			name = Release;
		};
		OBJ_143 /* Debug */ = {
			isa = XCBuildConfiguration;
			buildSettings = {
				ENABLE_TESTABILITY = YES;
				FRAMEWORK_SEARCH_PATHS = (
					"$(inherited)",
					"$(PLATFORM_DIR)/Developer/Library/Frameworks",
				);
				HEADER_SEARCH_PATHS = "$(inherited)";
				INFOPLIST_FILE = Donut.xcodeproj/DonutKit_Info.plist;
				LD_RUNPATH_SEARCH_PATHS = "$(inherited) $(TOOLCHAIN_DIR)/usr/lib/swift/macosx";
				OTHER_CFLAGS = "$(inherited)";
				OTHER_LDFLAGS = "$(inherited)";
				OTHER_SWIFT_FLAGS = "$(inherited)";
				PRODUCT_BUNDLE_IDENTIFIER = DonutKit;
				PRODUCT_MODULE_NAME = "$(TARGET_NAME:c99extidentifier)";
				PRODUCT_NAME = "$(TARGET_NAME:c99extidentifier)";
				SKIP_INSTALL = YES;
				SWIFT_VERSION = 4.0;
				TARGET_NAME = DonutKit;
			};
			name = Debug;
		};
		OBJ_144 /* Release */ = {
			isa = XCBuildConfiguration;
			buildSettings = {
				ENABLE_TESTABILITY = YES;
				FRAMEWORK_SEARCH_PATHS = (
					"$(inherited)",
					"$(PLATFORM_DIR)/Developer/Library/Frameworks",
				);
				HEADER_SEARCH_PATHS = "$(inherited)";
				INFOPLIST_FILE = Donut.xcodeproj/DonutKit_Info.plist;
				LD_RUNPATH_SEARCH_PATHS = "$(inherited) $(TOOLCHAIN_DIR)/usr/lib/swift/macosx";
				OTHER_CFLAGS = "$(inherited)";
				OTHER_LDFLAGS = "$(inherited)";
				OTHER_SWIFT_FLAGS = "$(inherited)";
				PRODUCT_BUNDLE_IDENTIFIER = DonutKit;
				PRODUCT_MODULE_NAME = "$(TARGET_NAME:c99extidentifier)";
				PRODUCT_NAME = "$(TARGET_NAME:c99extidentifier)";
				SKIP_INSTALL = YES;
				SWIFT_VERSION = 4.0;
				TARGET_NAME = DonutKit;
			};
			name = Release;
		};
		OBJ_154 /* Debug */ = {
			isa = XCBuildConfiguration;
			buildSettings = {
				LD = /usr/bin/true;
				OTHER_SWIFT_FLAGS = "-swift-version 4 -I $(TOOLCHAIN_DIR)/usr/lib/swift/pm/4 -target x86_64-apple-macosx10.10 -sdk /Applications/Xcode.app/Contents/Developer/Platforms/MacOSX.platform/Developer/SDKs/MacOSX10.13.sdk";
				SWIFT_VERSION = 4.0;
			};
			name = Debug;
		};
		OBJ_155 /* Release */ = {
			isa = XCBuildConfiguration;
			buildSettings = {
				LD = /usr/bin/true;
				OTHER_SWIFT_FLAGS = "-swift-version 4 -I $(TOOLCHAIN_DIR)/usr/lib/swift/pm/4 -target x86_64-apple-macosx10.10 -sdk /Applications/Xcode.app/Contents/Developer/Platforms/MacOSX.platform/Developer/SDKs/MacOSX10.13.sdk";
				SWIFT_VERSION = 4.0;
			};
			name = Release;
		};
		OBJ_160 /* Debug */ = {
			isa = XCBuildConfiguration;
			buildSettings = {
			};
			name = Debug;
		};
		OBJ_161 /* Release */ = {
			isa = XCBuildConfiguration;
			buildSettings = {
			};
			name = Release;
		};
		OBJ_165 /* Debug */ = {
			isa = XCBuildConfiguration;
			buildSettings = {
				EMBEDDED_CONTENT_CONTAINS_SWIFT = YES;
				FRAMEWORK_SEARCH_PATHS = (
					"$(inherited)",
					"$(PLATFORM_DIR)/Developer/Library/Frameworks",
				);
				HEADER_SEARCH_PATHS = "$(inherited)";
				INFOPLIST_FILE = Donut.xcodeproj/DonutTests_Info.plist;
				LD_RUNPATH_SEARCH_PATHS = "$(inherited) @loader_path/../Frameworks @loader_path/Frameworks";
				OTHER_CFLAGS = "$(inherited)";
				OTHER_LDFLAGS = "$(inherited)";
				OTHER_SWIFT_FLAGS = "$(inherited)";
				SWIFT_VERSION = 4.0;
				TARGET_NAME = DonutTests;
			};
			name = Debug;
		};
		OBJ_166 /* Release */ = {
			isa = XCBuildConfiguration;
			buildSettings = {
				EMBEDDED_CONTENT_CONTAINS_SWIFT = YES;
				FRAMEWORK_SEARCH_PATHS = (
					"$(inherited)",
					"$(PLATFORM_DIR)/Developer/Library/Frameworks",
				);
				HEADER_SEARCH_PATHS = "$(inherited)";
				INFOPLIST_FILE = Donut.xcodeproj/DonutTests_Info.plist;
				LD_RUNPATH_SEARCH_PATHS = "$(inherited) @loader_path/../Frameworks @loader_path/Frameworks";
				OTHER_CFLAGS = "$(inherited)";
				OTHER_LDFLAGS = "$(inherited)";
				OTHER_SWIFT_FLAGS = "$(inherited)";
				SWIFT_VERSION = 4.0;
				TARGET_NAME = DonutTests;
			};
			name = Release;
		};
		OBJ_184 /* Debug */ = {
			isa = XCBuildConfiguration;
			buildSettings = {
				ENABLE_TESTABILITY = YES;
				FRAMEWORK_SEARCH_PATHS = (
					"$(inherited)",
					"$(PLATFORM_DIR)/Developer/Library/Frameworks",
				);
				HEADER_SEARCH_PATHS = "$(inherited)";
				INFOPLIST_FILE = Donut.xcodeproj/ReactiveSwift_Info.plist;
				LD_RUNPATH_SEARCH_PATHS = "$(inherited) $(TOOLCHAIN_DIR)/usr/lib/swift/macosx";
				OTHER_CFLAGS = "$(inherited)";
				OTHER_LDFLAGS = "$(inherited)";
				OTHER_SWIFT_FLAGS = "$(inherited)";
				PRODUCT_BUNDLE_IDENTIFIER = ReactiveSwift;
				PRODUCT_MODULE_NAME = "$(TARGET_NAME:c99extidentifier)";
				PRODUCT_NAME = "$(TARGET_NAME:c99extidentifier)";
				SKIP_INSTALL = YES;
				SWIFT_VERSION = 4.0;
				TARGET_NAME = ReactiveSwift;
			};
			name = Debug;
		};
		OBJ_185 /* Release */ = {
			isa = XCBuildConfiguration;
			buildSettings = {
				ENABLE_TESTABILITY = YES;
				FRAMEWORK_SEARCH_PATHS = (
					"$(inherited)",
					"$(PLATFORM_DIR)/Developer/Library/Frameworks",
				);
				HEADER_SEARCH_PATHS = "$(inherited)";
				INFOPLIST_FILE = Donut.xcodeproj/ReactiveSwift_Info.plist;
				LD_RUNPATH_SEARCH_PATHS = "$(inherited) $(TOOLCHAIN_DIR)/usr/lib/swift/macosx";
				OTHER_CFLAGS = "$(inherited)";
				OTHER_LDFLAGS = "$(inherited)";
				OTHER_SWIFT_FLAGS = "$(inherited)";
				PRODUCT_BUNDLE_IDENTIFIER = ReactiveSwift;
				PRODUCT_MODULE_NAME = "$(TARGET_NAME:c99extidentifier)";
				PRODUCT_NAME = "$(TARGET_NAME:c99extidentifier)";
				SKIP_INSTALL = YES;
				SWIFT_VERSION = 4.0;
				TARGET_NAME = ReactiveSwift;
			};
			name = Release;
		};
		OBJ_213 /* Debug */ = {
			isa = XCBuildConfiguration;
			buildSettings = {
				LD = /usr/bin/true;
				OTHER_SWIFT_FLAGS = "-swift-version 4 -I $(TOOLCHAIN_DIR)/usr/lib/swift/pm/4 -target x86_64-apple-macosx10.10 -sdk /Applications/Xcode.app/Contents/Developer/Platforms/MacOSX.platform/Developer/SDKs/MacOSX10.13.sdk";
				SWIFT_VERSION = 4.0;
			};
			name = Debug;
		};
		OBJ_214 /* Release */ = {
			isa = XCBuildConfiguration;
			buildSettings = {
				LD = /usr/bin/true;
				OTHER_SWIFT_FLAGS = "-swift-version 4 -I $(TOOLCHAIN_DIR)/usr/lib/swift/pm/4 -target x86_64-apple-macosx10.10 -sdk /Applications/Xcode.app/Contents/Developer/Platforms/MacOSX.platform/Developer/SDKs/MacOSX10.13.sdk";
				SWIFT_VERSION = 4.0;
			};
			name = Release;
		};
		OBJ_218 /* Debug */ = {
			isa = XCBuildConfiguration;
			buildSettings = {
				ENABLE_TESTABILITY = YES;
				FRAMEWORK_SEARCH_PATHS = (
					"$(inherited)",
					"$(PLATFORM_DIR)/Developer/Library/Frameworks",
				);
				HEADER_SEARCH_PATHS = "$(inherited)";
				INFOPLIST_FILE = Donut.xcodeproj/ReactiveTask_Info.plist;
				LD_RUNPATH_SEARCH_PATHS = "$(inherited) $(TOOLCHAIN_DIR)/usr/lib/swift/macosx";
				OTHER_CFLAGS = "$(inherited)";
				OTHER_LDFLAGS = "$(inherited)";
				OTHER_SWIFT_FLAGS = "$(inherited)";
				PRODUCT_BUNDLE_IDENTIFIER = ReactiveTask;
				PRODUCT_MODULE_NAME = "$(TARGET_NAME:c99extidentifier)";
				PRODUCT_NAME = "$(TARGET_NAME:c99extidentifier)";
				SKIP_INSTALL = YES;
				SWIFT_VERSION = 4.0;
				TARGET_NAME = ReactiveTask;
			};
			name = Debug;
		};
		OBJ_219 /* Release */ = {
			isa = XCBuildConfiguration;
			buildSettings = {
				ENABLE_TESTABILITY = YES;
				FRAMEWORK_SEARCH_PATHS = (
					"$(inherited)",
					"$(PLATFORM_DIR)/Developer/Library/Frameworks",
				);
				HEADER_SEARCH_PATHS = "$(inherited)";
				INFOPLIST_FILE = Donut.xcodeproj/ReactiveTask_Info.plist;
				LD_RUNPATH_SEARCH_PATHS = "$(inherited) $(TOOLCHAIN_DIR)/usr/lib/swift/macosx";
				OTHER_CFLAGS = "$(inherited)";
				OTHER_LDFLAGS = "$(inherited)";
				OTHER_SWIFT_FLAGS = "$(inherited)";
				PRODUCT_BUNDLE_IDENTIFIER = ReactiveTask;
				PRODUCT_MODULE_NAME = "$(TARGET_NAME:c99extidentifier)";
				PRODUCT_NAME = "$(TARGET_NAME:c99extidentifier)";
				SKIP_INSTALL = YES;
				SWIFT_VERSION = 4.0;
				TARGET_NAME = ReactiveTask;
			};
			name = Release;
		};
		OBJ_231 /* Debug */ = {
			isa = XCBuildConfiguration;
			buildSettings = {
				LD = /usr/bin/true;
				OTHER_SWIFT_FLAGS = "-swift-version 4 -I $(TOOLCHAIN_DIR)/usr/lib/swift/pm/4 -target x86_64-apple-macosx10.10 -sdk /Applications/Xcode.app/Contents/Developer/Platforms/MacOSX.platform/Developer/SDKs/MacOSX10.13.sdk";
				SWIFT_VERSION = 4.0;
			};
			name = Debug;
		};
		OBJ_232 /* Release */ = {
			isa = XCBuildConfiguration;
			buildSettings = {
				LD = /usr/bin/true;
				OTHER_SWIFT_FLAGS = "-swift-version 4 -I $(TOOLCHAIN_DIR)/usr/lib/swift/pm/4 -target x86_64-apple-macosx10.10 -sdk /Applications/Xcode.app/Contents/Developer/Platforms/MacOSX.platform/Developer/SDKs/MacOSX10.13.sdk";
				SWIFT_VERSION = 4.0;
			};
			name = Release;
		};
		OBJ_236 /* Debug */ = {
			isa = XCBuildConfiguration;
			buildSettings = {
				ENABLE_TESTABILITY = YES;
				FRAMEWORK_SEARCH_PATHS = (
					"$(inherited)",
					"$(PLATFORM_DIR)/Developer/Library/Frameworks",
				);
				HEADER_SEARCH_PATHS = "$(inherited)";
				INFOPLIST_FILE = Donut.xcodeproj/Result_Info.plist;
				LD_RUNPATH_SEARCH_PATHS = "$(inherited) $(TOOLCHAIN_DIR)/usr/lib/swift/macosx";
				OTHER_CFLAGS = "$(inherited)";
				OTHER_LDFLAGS = "$(inherited)";
				OTHER_SWIFT_FLAGS = "$(inherited)";
				PRODUCT_BUNDLE_IDENTIFIER = Result;
				PRODUCT_MODULE_NAME = "$(TARGET_NAME:c99extidentifier)";
				PRODUCT_NAME = "$(TARGET_NAME:c99extidentifier)";
				SKIP_INSTALL = YES;
				SWIFT_VERSION = 3.0;
				TARGET_NAME = Result;
			};
			name = Debug;
		};
		OBJ_237 /* Release */ = {
			isa = XCBuildConfiguration;
			buildSettings = {
				ENABLE_TESTABILITY = YES;
				FRAMEWORK_SEARCH_PATHS = (
					"$(inherited)",
					"$(PLATFORM_DIR)/Developer/Library/Frameworks",
				);
				HEADER_SEARCH_PATHS = "$(inherited)";
				INFOPLIST_FILE = Donut.xcodeproj/Result_Info.plist;
				LD_RUNPATH_SEARCH_PATHS = "$(inherited) $(TOOLCHAIN_DIR)/usr/lib/swift/macosx";
				OTHER_CFLAGS = "$(inherited)";
				OTHER_LDFLAGS = "$(inherited)";
				OTHER_SWIFT_FLAGS = "$(inherited)";
				PRODUCT_BUNDLE_IDENTIFIER = Result;
				PRODUCT_MODULE_NAME = "$(TARGET_NAME:c99extidentifier)";
				PRODUCT_NAME = "$(TARGET_NAME:c99extidentifier)";
				SKIP_INSTALL = YES;
				SWIFT_VERSION = 3.0;
				TARGET_NAME = Result;
			};
			name = Release;
		};
		OBJ_244 /* Debug */ = {
			isa = XCBuildConfiguration;
			buildSettings = {
				LD = /usr/bin/true;
				OTHER_SWIFT_FLAGS = "-swift-version 3 -I $(TOOLCHAIN_DIR)/usr/lib/swift/pm/3 -target x86_64-apple-macosx10.10 -sdk /Applications/Xcode.app/Contents/Developer/Platforms/MacOSX.platform/Developer/SDKs/MacOSX10.13.sdk";
				SWIFT_VERSION = 3.0;
			};
			name = Debug;
		};
		OBJ_245 /* Release */ = {
			isa = XCBuildConfiguration;
			buildSettings = {
				LD = /usr/bin/true;
				OTHER_SWIFT_FLAGS = "-swift-version 3 -I $(TOOLCHAIN_DIR)/usr/lib/swift/pm/3 -target x86_64-apple-macosx10.10 -sdk /Applications/Xcode.app/Contents/Developer/Platforms/MacOSX.platform/Developer/SDKs/MacOSX10.13.sdk";
				SWIFT_VERSION = 3.0;
			};
			name = Release;
		};
		OBJ_250 /* Debug */ = {
			isa = XCBuildConfiguration;
			buildSettings = {
			};
			name = Debug;
		};
		OBJ_251 /* Release */ = {
			isa = XCBuildConfiguration;
			buildSettings = {
			};
			name = Release;
		};
		OBJ_3 /* Debug */ = {
			isa = XCBuildConfiguration;
			buildSettings = {
				CLANG_ENABLE_OBJC_ARC = YES;
				COMBINE_HIDPI_IMAGES = YES;
				COPY_PHASE_STRIP = NO;
				DEBUG_INFORMATION_FORMAT = dwarf;
				DYLIB_INSTALL_NAME_BASE = "@rpath";
				ENABLE_NS_ASSERTIONS = YES;
				GCC_OPTIMIZATION_LEVEL = 0;
				MACOSX_DEPLOYMENT_TARGET = 10.10;
				ONLY_ACTIVE_ARCH = YES;
				OTHER_SWIFT_FLAGS = "-DXcode";
				PRODUCT_NAME = "$(TARGET_NAME)";
				SDKROOT = macosx;
				SUPPORTED_PLATFORMS = "macosx iphoneos iphonesimulator appletvos appletvsimulator watchos watchsimulator";
				SWIFT_ACTIVE_COMPILATION_CONDITIONS = SWIFT_PACKAGE;
				SWIFT_OPTIMIZATION_LEVEL = "-Onone";
				USE_HEADERMAP = NO;
			};
			name = Debug;
		};
		OBJ_4 /* Release */ = {
			isa = XCBuildConfiguration;
			buildSettings = {
				CLANG_ENABLE_OBJC_ARC = YES;
				COMBINE_HIDPI_IMAGES = YES;
				COPY_PHASE_STRIP = YES;
				DEBUG_INFORMATION_FORMAT = "dwarf-with-dsym";
				DYLIB_INSTALL_NAME_BASE = "@rpath";
				GCC_OPTIMIZATION_LEVEL = s;
				MACOSX_DEPLOYMENT_TARGET = 10.10;
				OTHER_SWIFT_FLAGS = "-DXcode";
				PRODUCT_NAME = "$(TARGET_NAME)";
				SDKROOT = macosx;
				SUPPORTED_PLATFORMS = "macosx iphoneos iphonesimulator appletvos appletvsimulator watchos watchsimulator";
				SWIFT_ACTIVE_COMPILATION_CONDITIONS = SWIFT_PACKAGE;
				SWIFT_OPTIMIZATION_LEVEL = "-Owholemodule";
				USE_HEADERMAP = NO;
			};
			name = Release;
		};
		OBJ_82 /* Debug */ = {
			isa = XCBuildConfiguration;
			buildSettings = {
				ENABLE_TESTABILITY = YES;
				FRAMEWORK_SEARCH_PATHS = (
					"$(inherited)",
					"$(PLATFORM_DIR)/Developer/Library/Frameworks",
				);
				HEADER_SEARCH_PATHS = "$(inherited)";
				INFOPLIST_FILE = Donut.xcodeproj/Commandant_Info.plist;
				LD_RUNPATH_SEARCH_PATHS = "$(inherited) $(TOOLCHAIN_DIR)/usr/lib/swift/macosx";
				OTHER_CFLAGS = "$(inherited)";
				OTHER_LDFLAGS = "$(inherited)";
				OTHER_SWIFT_FLAGS = "$(inherited)";
				PRODUCT_BUNDLE_IDENTIFIER = Commandant;
				PRODUCT_MODULE_NAME = "$(TARGET_NAME:c99extidentifier)";
				PRODUCT_NAME = "$(TARGET_NAME:c99extidentifier)";
				SKIP_INSTALL = YES;
				SWIFT_VERSION = 4.0;
				TARGET_NAME = Commandant;
			};
			name = Debug;
		};
		OBJ_83 /* Release */ = {
			isa = XCBuildConfiguration;
			buildSettings = {
				ENABLE_TESTABILITY = YES;
				FRAMEWORK_SEARCH_PATHS = (
					"$(inherited)",
					"$(PLATFORM_DIR)/Developer/Library/Frameworks",
				);
				HEADER_SEARCH_PATHS = "$(inherited)";
				INFOPLIST_FILE = Donut.xcodeproj/Commandant_Info.plist;
				LD_RUNPATH_SEARCH_PATHS = "$(inherited) $(TOOLCHAIN_DIR)/usr/lib/swift/macosx";
				OTHER_CFLAGS = "$(inherited)";
				OTHER_LDFLAGS = "$(inherited)";
				OTHER_SWIFT_FLAGS = "$(inherited)";
				PRODUCT_BUNDLE_IDENTIFIER = Commandant;
				PRODUCT_MODULE_NAME = "$(TARGET_NAME:c99extidentifier)";
				PRODUCT_NAME = "$(TARGET_NAME:c99extidentifier)";
				SKIP_INSTALL = YES;
				SWIFT_VERSION = 4.0;
				TARGET_NAME = Commandant;
			};
			name = Release;
		};
/* End XCBuildConfiguration section */

/* Begin XCConfigurationList section */
		OBJ_105 /* Build configuration list for PBXNativeTarget "Curry" */ = {
			isa = XCConfigurationList;
			buildConfigurations = (
				OBJ_106 /* Debug */,
				OBJ_107 /* Release */,
			);
			defaultConfigurationIsVisible = 0;
			defaultConfigurationName = Release;
		};
		OBJ_112 /* Build configuration list for PBXNativeTarget "CurryPackageDescription" */ = {
			isa = XCConfigurationList;
			buildConfigurations = (
				OBJ_113 /* Debug */,
				OBJ_114 /* Release */,
			);
			defaultConfigurationIsVisible = 0;
			defaultConfigurationName = Release;
		};
		OBJ_118 /* Build configuration list for PBXNativeTarget "Donut" */ = {
			isa = XCConfigurationList;
			buildConfigurations = (
				OBJ_119 /* Debug */,
				OBJ_120 /* Release */,
			);
			defaultConfigurationIsVisible = 0;
			defaultConfigurationName = Release;
		};
		OBJ_142 /* Build configuration list for PBXNativeTarget "DonutKit" */ = {
			isa = XCConfigurationList;
			buildConfigurations = (
				OBJ_143 /* Debug */,
				OBJ_144 /* Release */,
			);
			defaultConfigurationIsVisible = 0;
			defaultConfigurationName = Release;
		};
		OBJ_153 /* Build configuration list for PBXNativeTarget "DonutPackageDescription" */ = {
			isa = XCConfigurationList;
			buildConfigurations = (
				OBJ_154 /* Debug */,
				OBJ_155 /* Release */,
			);
			defaultConfigurationIsVisible = 0;
			defaultConfigurationName = Release;
		};
		OBJ_159 /* Build configuration list for PBXAggregateTarget "DonutPackageTests" */ = {
			isa = XCConfigurationList;
			buildConfigurations = (
				OBJ_160 /* Debug */,
				OBJ_161 /* Release */,
			);
			defaultConfigurationIsVisible = 0;
			defaultConfigurationName = Release;
		};
		OBJ_164 /* Build configuration list for PBXNativeTarget "DonutTests" */ = {
			isa = XCConfigurationList;
			buildConfigurations = (
				OBJ_165 /* Debug */,
				OBJ_166 /* Release */,
			);
			defaultConfigurationIsVisible = 0;
			defaultConfigurationName = Release;
		};
		OBJ_183 /* Build configuration list for PBXNativeTarget "ReactiveSwift" */ = {
			isa = XCConfigurationList;
			buildConfigurations = (
				OBJ_184 /* Debug */,
				OBJ_185 /* Release */,
			);
			defaultConfigurationIsVisible = 0;
			defaultConfigurationName = Release;
		};
		OBJ_2 /* Build configuration list for PBXProject "Donut" */ = {
			isa = XCConfigurationList;
			buildConfigurations = (
				OBJ_3 /* Debug */,
				OBJ_4 /* Release */,
			);
			defaultConfigurationIsVisible = 0;
			defaultConfigurationName = Release;
		};
		OBJ_212 /* Build configuration list for PBXNativeTarget "ReactiveSwiftPackageDescription" */ = {
			isa = XCConfigurationList;
			buildConfigurations = (
				OBJ_213 /* Debug */,
				OBJ_214 /* Release */,
			);
			defaultConfigurationIsVisible = 0;
			defaultConfigurationName = Release;
		};
		OBJ_217 /* Build configuration list for PBXNativeTarget "ReactiveTask" */ = {
			isa = XCConfigurationList;
			buildConfigurations = (
				OBJ_218 /* Debug */,
				OBJ_219 /* Release */,
			);
			defaultConfigurationIsVisible = 0;
			defaultConfigurationName = Release;
		};
		OBJ_230 /* Build configuration list for PBXNativeTarget "ReactiveTaskPackageDescription" */ = {
			isa = XCConfigurationList;
			buildConfigurations = (
				OBJ_231 /* Debug */,
				OBJ_232 /* Release */,
			);
			defaultConfigurationIsVisible = 0;
			defaultConfigurationName = Release;
		};
		OBJ_235 /* Build configuration list for PBXNativeTarget "Result" */ = {
			isa = XCConfigurationList;
			buildConfigurations = (
				OBJ_236 /* Debug */,
				OBJ_237 /* Release */,
			);
			defaultConfigurationIsVisible = 0;
			defaultConfigurationName = Release;
		};
		OBJ_243 /* Build configuration list for PBXNativeTarget "ResultPackageDescription" */ = {
			isa = XCConfigurationList;
			buildConfigurations = (
				OBJ_244 /* Debug */,
				OBJ_245 /* Release */,
			);
			defaultConfigurationIsVisible = 0;
			defaultConfigurationName = Release;
		};
		OBJ_249 /* Build configuration list for PBXAggregateTarget "donut" */ = {
			isa = XCConfigurationList;
			buildConfigurations = (
				OBJ_250 /* Debug */,
				OBJ_251 /* Release */,
			);
			defaultConfigurationIsVisible = 0;
			defaultConfigurationName = Release;
		};
		OBJ_81 /* Build configuration list for PBXNativeTarget "Commandant" */ = {
			isa = XCConfigurationList;
			buildConfigurations = (
				OBJ_82 /* Debug */,
				OBJ_83 /* Release */,
			);
			defaultConfigurationIsVisible = 0;
			defaultConfigurationName = Release;
		};
		OBJ_99 /* Build configuration list for PBXNativeTarget "CommandantPackageDescription" */ = {
			isa = XCConfigurationList;
			buildConfigurations = (
				OBJ_100 /* Debug */,
				OBJ_101 /* Release */,
			);
			defaultConfigurationIsVisible = 0;
			defaultConfigurationName = Release;
		};
/* End XCConfigurationList section */
	};
	rootObject = OBJ_1 /* Project object */;
}
